{
  "pins" : [
    {
      "identity" : "htmlstring",
      "kind" : "remoteSourceControl",
      "location" : "https://github.com/alexisakers/HTMLString.git",
      "state" : {
        "revision" : "04613a3b0f40a91e554b5174c0a10657f1a26357",
        "version" : "6.0.1"
      }
    },
    {
      "identity" : "localesupport",
      "kind" : "remoteSourceControl",
      "location" : "https://github.com/richardpiazza/LocaleSupport",
      "state" : {
        "revision" : "a6eff5f3cc22fde3ac4ace4ace4774a9b5b898c5",
        "version" : "0.4.1"
      }
    },
    {
      "identity" : "perfect-crud",
      "kind" : "remoteSourceControl",
      "location" : "https://github.com/PerfectlySoft/Perfect-CRUD.git",
      "state" : {
        "revision" : "71c445eaaa94e5ce634aa11a6a1aa6544e786307",
        "version" : "2.0.0"
      }
    },
    {
      "identity" : "perfect-sqlite",
      "kind" : "remoteSourceControl",
      "location" : "https://github.com/PerfectlySoft/Perfect-SQLite.git",
      "state" : {
        "revision" : "43c0e16cfce1dada7914d8334e43ffa887e66f8e",
        "version" : "5.0.0"
      }
    },
    {
      "identity" : "plot",
      "kind" : "remoteSourceControl",
      "location" : "https://github.com/JohnSundell/Plot.git",
      "state" : {
        "revision" : "61e828949ca6f84071bde65c8fc046cf74b7d1a2",
        "version" : "0.8.0"
      }
    },
    {
      "identity" : "statement",
      "kind" : "remoteSourceControl",
      "location" : "https://github.com/richardpiazza/Statement.git",
      "state" : {
        "revision" : "cad6e6081c678b19b8140ad2afb8e5465eb99e97",
        "version" : "0.7.1"
      }
    },
    {
      "identity" : "swift-argument-parser",
      "kind" : "remoteSourceControl",
      "location" : "https://github.com/apple/swift-argument-parser",
      "state" : {
        "revision" : "9564d61b08a5335ae0a36f789a7d71493eacadfc",
        "version" : "0.3.2"
      }
    },
    {
      "identity" : "translationcatalog",
      "kind" : "remoteSourceControl",
      "location" : "https://github.com/richardpiazza/TranslationCatalog.git",
      "state" : {
        "branch" : "main",
        "revision" : "8a6c614ac89769a7c35b22b9cd69e64fd4483e76"
      }
    },
    {
      "identity" : "xmlcoder",
      "kind" : "remoteSourceControl",
      "location" : "https://github.com/MaxDesiatov/XMLCoder.git",
      "state" : {
        "revision" : "ac411bd6ab342780be0dfe6f679410f791d751d9",
        "version" : "0.11.1"
      }
    }
  ],
  "version" : 2
}
