// !$*UTF8*$!
{
	archiveVersion = 1;
	classes = {
	};
	objectVersion = 52;
	objects = {

/* Begin PBXBuildFile section */
		E1060605292270DF000246E7 /* CatalogCommands.swift in Sources */ = {isa = PBXBuildFile; fileRef = E1060604292270DF000246E7 /* CatalogCommands.swift */; };
		E1060606292270DF000246E7 /* CatalogCommands.swift in Sources */ = {isa = PBXBuildFile; fileRef = E1060604292270DF000246E7 /* CatalogCommands.swift */; };
		E106060829227156000246E7 /* Dependencies.swift in Sources */ = {isa = PBXBuildFile; fileRef = E106060729227156000246E7 /* Dependencies.swift */; };
		E106060929227156000246E7 /* Dependencies.swift in Sources */ = {isa = PBXBuildFile; fileRef = E106060729227156000246E7 /* Dependencies.swift */; };
		E10761AC266AB6A100123400 /* ExpressionService.swift in Sources */ = {isa = PBXBuildFile; fileRef = E10761AB266AB6A100123400 /* ExpressionService.swift */; };
		E10761AD266AB6A100123400 /* ExpressionService.swift in Sources */ = {isa = PBXBuildFile; fileRef = E10761AB266AB6A100123400 /* ExpressionService.swift */; };
		E10761AF266AC3F500123400 /* ContentMode.swift in Sources */ = {isa = PBXBuildFile; fileRef = E10761AE266AC3F500123400 /* ContentMode.swift */; };
		E10761B0266AC3F500123400 /* ContentMode.swift in Sources */ = {isa = PBXBuildFile; fileRef = E10761AE266AC3F500123400 /* ContentMode.swift */; };
		E1160E5A291EBDFC00FB9539 /* StorageSelectorView.swift in Sources */ = {isa = PBXBuildFile; fileRef = E1160E59291EBDFC00FB9539 /* StorageSelectorView.swift */; };
		E1160E5B291EBDFC00FB9539 /* StorageSelectorView.swift in Sources */ = {isa = PBXBuildFile; fileRef = E1160E59291EBDFC00FB9539 /* StorageSelectorView.swift */; };
		E1160E5E291EBF4F00FB9539 /* StorageMode.swift in Sources */ = {isa = PBXBuildFile; fileRef = E1160E5D291EBF4F00FB9539 /* StorageMode.swift */; };
		E1160E5F291EBF4F00FB9539 /* StorageMode.swift in Sources */ = {isa = PBXBuildFile; fileRef = E1160E5D291EBF4F00FB9539 /* StorageMode.swift */; };
		E1160E62291EC03A00FB9539 /* CodeQuickKit in Frameworks */ = {isa = PBXBuildFile; productRef = E1160E61291EC03A00FB9539 /* CodeQuickKit */; };
		E1160E64291EC04500FB9539 /* CodeQuickKit in Frameworks */ = {isa = PBXBuildFile; productRef = E1160E63291EC04500FB9539 /* CodeQuickKit */; };
		E11F674129A3E72C00E367E7 /* Logging in Frameworks */ = {isa = PBXBuildFile; productRef = E11F674029A3E72C00E367E7 /* Logging */; };
		E11F674329A3E72C00E367E7 /* Occurrence in Frameworks */ = {isa = PBXBuildFile; productRef = E11F674229A3E72C00E367E7 /* Occurrence */; };
		E12C63AA266C03F400B13A99 /* ExpressionDetailsViewModel.swift in Sources */ = {isa = PBXBuildFile; fileRef = E12C63A9266C03F400B13A99 /* ExpressionDetailsViewModel.swift */; };
		E12C63AB266C03F400B13A99 /* ExpressionDetailsViewModel.swift in Sources */ = {isa = PBXBuildFile; fileRef = E12C63A9266C03F400B13A99 /* ExpressionDetailsViewModel.swift */; };
		E12C63AD266C0AC300B13A99 /* TranslationsView.swift in Sources */ = {isa = PBXBuildFile; fileRef = E12C63AC266C0AC300B13A99 /* TranslationsView.swift */; };
		E12C63AE266C0AC300B13A99 /* TranslationsView.swift in Sources */ = {isa = PBXBuildFile; fileRef = E12C63AC266C0AC300B13A99 /* TranslationsView.swift */; };
		E12C63B0266CDE8600B13A99 /* TranslationView.swift in Sources */ = {isa = PBXBuildFile; fileRef = E12C63AF266CDE8600B13A99 /* TranslationView.swift */; };
		E12C63B1266CDE8600B13A99 /* TranslationView.swift in Sources */ = {isa = PBXBuildFile; fileRef = E12C63AF266CDE8600B13A99 /* TranslationView.swift */; };
		E12C63B3266CE4AB00B13A99 /* TranslationService.swift in Sources */ = {isa = PBXBuildFile; fileRef = E12C63B2266CE4AB00B13A99 /* TranslationService.swift */; };
		E12C63B4266CE4AB00B13A99 /* TranslationService.swift in Sources */ = {isa = PBXBuildFile; fileRef = E12C63B2266CE4AB00B13A99 /* TranslationService.swift */; };
		E12C63B6266D1E0300B13A99 /* EditTranslationView.swift in Sources */ = {isa = PBXBuildFile; fileRef = E12C63B5266D1E0300B13A99 /* EditTranslationView.swift */; };
		E12C63B7266D1E0300B13A99 /* EditTranslationView.swift in Sources */ = {isa = PBXBuildFile; fileRef = E12C63B5266D1E0300B13A99 /* EditTranslationView.swift */; };
		E12C63B9266D262700B13A99 /* Translation+Lingua.swift in Sources */ = {isa = PBXBuildFile; fileRef = E12C63B8266D262700B13A99 /* Translation+Lingua.swift */; };
		E12C63BA266D262700B13A99 /* Translation+Lingua.swift in Sources */ = {isa = PBXBuildFile; fileRef = E12C63B8266D262700B13A99 /* Translation+Lingua.swift */; };
		E12C63BC266D4A7600B13A99 /* LanguageCode+Lingua.swift in Sources */ = {isa = PBXBuildFile; fileRef = E12C63BB266D4A7600B13A99 /* LanguageCode+Lingua.swift */; };
		E12C63BD266D4A7600B13A99 /* LanguageCode+Lingua.swift in Sources */ = {isa = PBXBuildFile; fileRef = E12C63BB266D4A7600B13A99 /* LanguageCode+Lingua.swift */; };
		E12C63BF266D4AAB00B13A99 /* ScriptCode+Lingua.swift in Sources */ = {isa = PBXBuildFile; fileRef = E12C63BE266D4AAB00B13A99 /* ScriptCode+Lingua.swift */; };
		E12C63C0266D4AAB00B13A99 /* ScriptCode+Lingua.swift in Sources */ = {isa = PBXBuildFile; fileRef = E12C63BE266D4AAB00B13A99 /* ScriptCode+Lingua.swift */; };
		E12C63C2266D4ABE00B13A99 /* RegionCode+Lingua.swift in Sources */ = {isa = PBXBuildFile; fileRef = E12C63C1266D4ABE00B13A99 /* RegionCode+Lingua.swift */; };
		E12C63C3266D4ABE00B13A99 /* RegionCode+Lingua.swift in Sources */ = {isa = PBXBuildFile; fileRef = E12C63C1266D4ABE00B13A99 /* RegionCode+Lingua.swift */; };
		E13F58D8299BC5360041D1DD /* Logging in Frameworks */ = {isa = PBXBuildFile; productRef = E13F58D7299BC5360041D1DD /* Logging */; };
		E13F6D8526DBF6FB000842D2 /* CreateProjectView.swift in Sources */ = {isa = PBXBuildFile; fileRef = E13F6D8426DBF6FB000842D2 /* CreateProjectView.swift */; };
		E13F6D8626DBF6FB000842D2 /* CreateProjectView.swift in Sources */ = {isa = PBXBuildFile; fileRef = E13F6D8426DBF6FB000842D2 /* CreateProjectView.swift */; };
		E13F6D8826DBF777000842D2 /* ProjectService.swift in Sources */ = {isa = PBXBuildFile; fileRef = E13F6D8726DBF777000842D2 /* ProjectService.swift */; };
		E13F6D8926DBF777000842D2 /* ProjectService.swift in Sources */ = {isa = PBXBuildFile; fileRef = E13F6D8726DBF777000842D2 /* ProjectService.swift */; };
		E15E364D2663EE7F00D98D79 /* CatalogService.swift in Sources */ = {isa = PBXBuildFile; fileRef = E15E364C2663EE7F00D98D79 /* CatalogService.swift */; };
		E15E364E2663EE7F00D98D79 /* CatalogService.swift in Sources */ = {isa = PBXBuildFile; fileRef = E15E364C2663EE7F00D98D79 /* CatalogService.swift */; };
		E15E365C266505E100D98D79 /* View+DeviceEnvironment.swift in Sources */ = {isa = PBXBuildFile; fileRef = E15E365B266505E100D98D79 /* View+DeviceEnvironment.swift */; };
		E15E365D266505E100D98D79 /* View+DeviceEnvironment.swift in Sources */ = {isa = PBXBuildFile; fileRef = E15E365B266505E100D98D79 /* View+DeviceEnvironment.swift */; };
		E15FDC2E2662DEFF0096BEAB /* CreateExpressionView.swift in Sources */ = {isa = PBXBuildFile; fileRef = E15FDC2D2662DEFF0096BEAB /* CreateExpressionView.swift */; };
		E15FDC2F2662DEFF0096BEAB /* CreateExpressionView.swift in Sources */ = {isa = PBXBuildFile; fileRef = E15FDC2D2662DEFF0096BEAB /* CreateExpressionView.swift */; };
		E174C3C42659A966009756F1 /* Tests_iOS.swift in Sources */ = {isa = PBXBuildFile; fileRef = E174C3C32659A966009756F1 /* Tests_iOS.swift */; };
		E174C3CF2659A966009756F1 /* Tests_macOS.swift in Sources */ = {isa = PBXBuildFile; fileRef = E174C3CE2659A966009756F1 /* Tests_macOS.swift */; };
		E174C3D32659A966009756F1 /* LinguaApp.swift in Sources */ = {isa = PBXBuildFile; fileRef = E174C3A72659A964009756F1 /* LinguaApp.swift */; };
		E174C3D42659A966009756F1 /* LinguaApp.swift in Sources */ = {isa = PBXBuildFile; fileRef = E174C3A72659A964009756F1 /* LinguaApp.swift */; };
		E174C3D92659A966009756F1 /* Assets.xcassets in Resources */ = {isa = PBXBuildFile; fileRef = E174C3AA2659A966009756F1 /* Assets.xcassets */; };
		E174C3DA2659A966009756F1 /* Assets.xcassets in Resources */ = {isa = PBXBuildFile; fileRef = E174C3AA2659A966009756F1 /* Assets.xcassets */; };
		E174C3EB2659B366009756F1 /* TranslationCatalog in Frameworks */ = {isa = PBXBuildFile; productRef = E174C3EA2659B366009756F1 /* TranslationCatalog */; };
		E174C3ED2659B366009756F1 /* TranslationCatalogSQLite in Frameworks */ = {isa = PBXBuildFile; productRef = E174C3EC2659B366009756F1 /* TranslationCatalogSQLite */; };
		E174C3EF2659B366009756F1 /* LocaleSupport in Frameworks */ = {isa = PBXBuildFile; productRef = E174C3EE2659B366009756F1 /* LocaleSupport */; };
		E174C3F22659B36E009756F1 /* LocaleSupport in Frameworks */ = {isa = PBXBuildFile; productRef = E174C3F12659B36E009756F1 /* LocaleSupport */; };
		E174C3F42659B36E009756F1 /* TranslationCatalog in Frameworks */ = {isa = PBXBuildFile; productRef = E174C3F32659B36E009756F1 /* TranslationCatalog */; };
		E174C3F62659B36E009756F1 /* TranslationCatalogSQLite in Frameworks */ = {isa = PBXBuildFile; productRef = E174C3F52659B36E009756F1 /* TranslationCatalogSQLite */; };
		E174C3FF265A7557009756F1 /* MainWindow.swift in Sources */ = {isa = PBXBuildFile; fileRef = E174C3FE265A7557009756F1 /* MainWindow.swift */; };
		E174C400265A7557009756F1 /* MainWindow.swift in Sources */ = {isa = PBXBuildFile; fileRef = E174C3FE265A7557009756F1 /* MainWindow.swift */; };
		E174C402265A75A1009756F1 /* ProjectNavigator.swift in Sources */ = {isa = PBXBuildFile; fileRef = E174C401265A75A1009756F1 /* ProjectNavigator.swift */; };
		E174C403265A75A1009756F1 /* ProjectNavigator.swift in Sources */ = {isa = PBXBuildFile; fileRef = E174C401265A75A1009756F1 /* ProjectNavigator.swift */; };
		E174C40B265A78F3009756F1 /* ExpressionNavigator.swift in Sources */ = {isa = PBXBuildFile; fileRef = E174C40A265A78F3009756F1 /* ExpressionNavigator.swift */; };
		E174C40C265A78F3009756F1 /* ExpressionNavigator.swift in Sources */ = {isa = PBXBuildFile; fileRef = E174C40A265A78F3009756F1 /* ExpressionNavigator.swift */; };
		E174C40E265A7D5A009756F1 /* TranslationNavigator.swift in Sources */ = {isa = PBXBuildFile; fileRef = E174C40D265A7D5A009756F1 /* TranslationNavigator.swift */; };
		E174C40F265A7D5A009756F1 /* TranslationNavigator.swift in Sources */ = {isa = PBXBuildFile; fileRef = E174C40D265A7D5A009756F1 /* TranslationNavigator.swift */; };
		E174C411265A8057009756F1 /* NoSelectedExpressionView.swift in Sources */ = {isa = PBXBuildFile; fileRef = E174C410265A8057009756F1 /* NoSelectedExpressionView.swift */; };
		E174C412265A8057009756F1 /* NoSelectedExpressionView.swift in Sources */ = {isa = PBXBuildFile; fileRef = E174C410265A8057009756F1 /* NoSelectedExpressionView.swift */; };
		E174C414265A862E009756F1 /* ListedExpressionView.swift in Sources */ = {isa = PBXBuildFile; fileRef = E174C413265A862E009756F1 /* ListedExpressionView.swift */; };
		E174C415265A862E009756F1 /* ListedExpressionView.swift in Sources */ = {isa = PBXBuildFile; fileRef = E174C413265A862E009756F1 /* ListedExpressionView.swift */; };
		E174C417265A8FFE009756F1 /* example.sqlite in Resources */ = {isa = PBXBuildFile; fileRef = E174C416265A8FFE009756F1 /* example.sqlite */; };
		E174C418265A8FFE009756F1 /* example.sqlite in Resources */ = {isa = PBXBuildFile; fileRef = E174C416265A8FFE009756F1 /* example.sqlite */; };
		E174C41A265AA7F1009756F1 /* ExpressionView.swift in Sources */ = {isa = PBXBuildFile; fileRef = E174C419265AA7F1009756F1 /* ExpressionView.swift */; };
		E174C41B265AA7F1009756F1 /* ExpressionView.swift in Sources */ = {isa = PBXBuildFile; fileRef = E174C419265AA7F1009756F1 /* ExpressionView.swift */; };
		E174C41D265AAE2E009756F1 /* View+EqualWidths.swift in Sources */ = {isa = PBXBuildFile; fileRef = E174C41C265AAE2E009756F1 /* View+EqualWidths.swift */; };
		E174C41E265AAE2E009756F1 /* View+EqualWidths.swift in Sources */ = {isa = PBXBuildFile; fileRef = E174C41C265AAE2E009756F1 /* View+EqualWidths.swift */; };
		E184FAB129200E9100A9CFFC /* PersistedStorage.swift in Sources */ = {isa = PBXBuildFile; fileRef = E184FAB029200E9100A9CFFC /* PersistedStorage.swift */; };
		E184FAB229200E9100A9CFFC /* PersistedStorage.swift in Sources */ = {isa = PBXBuildFile; fileRef = E184FAB029200E9100A9CFFC /* PersistedStorage.swift */; };
		E184FAB429200EA800A9CFFC /* Persisted.swift in Sources */ = {isa = PBXBuildFile; fileRef = E184FAB329200EA800A9CFFC /* Persisted.swift */; };
		E184FAB529200EA800A9CFFC /* Persisted.swift in Sources */ = {isa = PBXBuildFile; fileRef = E184FAB329200EA800A9CFFC /* Persisted.swift */; };
		E1BBFADD291D7ABD0068095F /* ProjectNavigatorViewModel.swift in Sources */ = {isa = PBXBuildFile; fileRef = E1BBFADC291D7ABD0068095F /* ProjectNavigatorViewModel.swift */; };
		E1BBFADE291D7ABD0068095F /* ProjectNavigatorViewModel.swift in Sources */ = {isa = PBXBuildFile; fileRef = E1BBFADC291D7ABD0068095F /* ProjectNavigatorViewModel.swift */; };
		E1BBFAE0291D7D090068095F /* TranslationNavigatorViewModel.swift in Sources */ = {isa = PBXBuildFile; fileRef = E1BBFADF291D7D090068095F /* TranslationNavigatorViewModel.swift */; };
		E1BBFAE1291D7D090068095F /* TranslationNavigatorViewModel.swift in Sources */ = {isa = PBXBuildFile; fileRef = E1BBFADF291D7D090068095F /* TranslationNavigatorViewModel.swift */; };
		E1BBFAE3291D7D730068095F /* ExpressionNavigatorViewModel.swift in Sources */ = {isa = PBXBuildFile; fileRef = E1BBFAE2291D7D730068095F /* ExpressionNavigatorViewModel.swift */; };
		E1BBFAE4291D7D730068095F /* ExpressionNavigatorViewModel.swift in Sources */ = {isa = PBXBuildFile; fileRef = E1BBFAE2291D7D730068095F /* ExpressionNavigatorViewModel.swift */; };
		E1C902B329A3E55500D2EDDE /* Occurrence in Frameworks */ = {isa = PBXBuildFile; productRef = E1C902B229A3E55500D2EDDE /* Occurrence */; };
		E1C902B629A3E62200D2EDDE /* TranslationCatalogFilesystem in Frameworks */ = {isa = PBXBuildFile; productRef = E1C902B529A3E62200D2EDDE /* TranslationCatalogFilesystem */; };
		E1C902B829A3E62A00D2EDDE /* TranslationCatalogFilesystem in Frameworks */ = {isa = PBXBuildFile; productRef = E1C902B729A3E62A00D2EDDE /* TranslationCatalogFilesystem */; };
/* End PBXBuildFile section */

/* Begin PBXContainerItemProxy section */
		E174C3C02659A966009756F1 /* PBXContainerItemProxy */ = {
			isa = PBXContainerItemProxy;
			containerPortal = E174C3A02659A964009756F1 /* Project object */;
			proxyType = 1;
			remoteGlobalIDString = E174C3AE2659A966009756F1;
			remoteInfo = "Lingua (iOS)";
		};
		E174C3CB2659A966009756F1 /* PBXContainerItemProxy */ = {
			isa = PBXContainerItemProxy;
			containerPortal = E174C3A02659A964009756F1 /* Project object */;
			proxyType = 1;
			remoteGlobalIDString = E174C3B62659A966009756F1;
			remoteInfo = "Lingua (macOS)";
		};
/* End PBXContainerItemProxy section */

/* Begin PBXFileReference section */
		E1060604292270DF000246E7 /* CatalogCommands.swift */ = {isa = PBXFileReference; lastKnownFileType = sourcecode.swift; path = CatalogCommands.swift; sourceTree = "<group>"; };
		E106060729227156000246E7 /* Dependencies.swift */ = {isa = PBXFileReference; lastKnownFileType = sourcecode.swift; path = Dependencies.swift; sourceTree = "<group>"; };
		E10761AB266AB6A100123400 /* ExpressionService.swift */ = {isa = PBXFileReference; lastKnownFileType = sourcecode.swift; path = ExpressionService.swift; sourceTree = "<group>"; };
		E10761AE266AC3F500123400 /* ContentMode.swift */ = {isa = PBXFileReference; lastKnownFileType = sourcecode.swift; path = ContentMode.swift; sourceTree = "<group>"; };
		E1160E59291EBDFC00FB9539 /* StorageSelectorView.swift */ = {isa = PBXFileReference; lastKnownFileType = sourcecode.swift; path = StorageSelectorView.swift; sourceTree = "<group>"; };
		E1160E5D291EBF4F00FB9539 /* StorageMode.swift */ = {isa = PBXFileReference; lastKnownFileType = sourcecode.swift; path = StorageMode.swift; sourceTree = "<group>"; };
		E12C63A9266C03F400B13A99 /* ExpressionDetailsViewModel.swift */ = {isa = PBXFileReference; lastKnownFileType = sourcecode.swift; path = ExpressionDetailsViewModel.swift; sourceTree = "<group>"; };
		E12C63AC266C0AC300B13A99 /* TranslationsView.swift */ = {isa = PBXFileReference; lastKnownFileType = sourcecode.swift; path = TranslationsView.swift; sourceTree = "<group>"; };
		E12C63AF266CDE8600B13A99 /* TranslationView.swift */ = {isa = PBXFileReference; lastKnownFileType = sourcecode.swift; path = TranslationView.swift; sourceTree = "<group>"; };
		E12C63B2266CE4AB00B13A99 /* TranslationService.swift */ = {isa = PBXFileReference; lastKnownFileType = sourcecode.swift; path = TranslationService.swift; sourceTree = "<group>"; };
		E12C63B5266D1E0300B13A99 /* EditTranslationView.swift */ = {isa = PBXFileReference; lastKnownFileType = sourcecode.swift; path = EditTranslationView.swift; sourceTree = "<group>"; };
		E12C63B8266D262700B13A99 /* Translation+Lingua.swift */ = {isa = PBXFileReference; lastKnownFileType = sourcecode.swift; path = "Translation+Lingua.swift"; sourceTree = "<group>"; };
		E12C63BB266D4A7600B13A99 /* LanguageCode+Lingua.swift */ = {isa = PBXFileReference; lastKnownFileType = sourcecode.swift; path = "LanguageCode+Lingua.swift"; sourceTree = "<group>"; };
		E12C63BE266D4AAB00B13A99 /* ScriptCode+Lingua.swift */ = {isa = PBXFileReference; lastKnownFileType = sourcecode.swift; path = "ScriptCode+Lingua.swift"; sourceTree = "<group>"; };
		E12C63C1266D4ABE00B13A99 /* RegionCode+Lingua.swift */ = {isa = PBXFileReference; lastKnownFileType = sourcecode.swift; path = "RegionCode+Lingua.swift"; sourceTree = "<group>"; };
		E13F6D8426DBF6FB000842D2 /* CreateProjectView.swift */ = {isa = PBXFileReference; lastKnownFileType = sourcecode.swift; path = CreateProjectView.swift; sourceTree = "<group>"; };
		E13F6D8726DBF777000842D2 /* ProjectService.swift */ = {isa = PBXFileReference; lastKnownFileType = sourcecode.swift; path = ProjectService.swift; sourceTree = "<group>"; };
		E15E364C2663EE7F00D98D79 /* CatalogService.swift */ = {isa = PBXFileReference; lastKnownFileType = sourcecode.swift; path = CatalogService.swift; sourceTree = "<group>"; };
		E15E365B266505E100D98D79 /* View+DeviceEnvironment.swift */ = {isa = PBXFileReference; lastKnownFileType = sourcecode.swift; path = "View+DeviceEnvironment.swift"; sourceTree = "<group>"; };
		E15FDC2D2662DEFF0096BEAB /* CreateExpressionView.swift */ = {isa = PBXFileReference; lastKnownFileType = sourcecode.swift; path = CreateExpressionView.swift; sourceTree = "<group>"; };
		E174C3A72659A964009756F1 /* LinguaApp.swift */ = {isa = PBXFileReference; lastKnownFileType = sourcecode.swift; path = LinguaApp.swift; sourceTree = "<group>"; };
		E174C3AA2659A966009756F1 /* Assets.xcassets */ = {isa = PBXFileReference; lastKnownFileType = folder.assetcatalog; path = Assets.xcassets; sourceTree = "<group>"; };
		E174C3AF2659A966009756F1 /* Lingua.app */ = {isa = PBXFileReference; explicitFileType = wrapper.application; includeInIndex = 0; path = Lingua.app; sourceTree = BUILT_PRODUCTS_DIR; };
		E174C3B22659A966009756F1 /* Info.plist */ = {isa = PBXFileReference; lastKnownFileType = text.plist.xml; path = Info.plist; sourceTree = "<group>"; };
		E174C3B72659A966009756F1 /* Lingua.app */ = {isa = PBXFileReference; explicitFileType = wrapper.application; includeInIndex = 0; path = Lingua.app; sourceTree = BUILT_PRODUCTS_DIR; };
		E174C3B92659A966009756F1 /* Info.plist */ = {isa = PBXFileReference; lastKnownFileType = text.plist.xml; path = Info.plist; sourceTree = "<group>"; };
		E174C3BA2659A966009756F1 /* macOS.entitlements */ = {isa = PBXFileReference; lastKnownFileType = text.plist.entitlements; path = macOS.entitlements; sourceTree = "<group>"; };
		E174C3BF2659A966009756F1 /* Tests iOS.xctest */ = {isa = PBXFileReference; explicitFileType = wrapper.cfbundle; includeInIndex = 0; path = "Tests iOS.xctest"; sourceTree = BUILT_PRODUCTS_DIR; };
		E174C3C32659A966009756F1 /* Tests_iOS.swift */ = {isa = PBXFileReference; lastKnownFileType = sourcecode.swift; path = Tests_iOS.swift; sourceTree = "<group>"; };
		E174C3C52659A966009756F1 /* Info.plist */ = {isa = PBXFileReference; lastKnownFileType = text.plist.xml; path = Info.plist; sourceTree = "<group>"; };
		E174C3CA2659A966009756F1 /* Tests macOS.xctest */ = {isa = PBXFileReference; explicitFileType = wrapper.cfbundle; includeInIndex = 0; path = "Tests macOS.xctest"; sourceTree = BUILT_PRODUCTS_DIR; };
		E174C3CE2659A966009756F1 /* Tests_macOS.swift */ = {isa = PBXFileReference; lastKnownFileType = sourcecode.swift; path = Tests_macOS.swift; sourceTree = "<group>"; };
		E174C3D02659A966009756F1 /* Info.plist */ = {isa = PBXFileReference; lastKnownFileType = text.plist.xml; path = Info.plist; sourceTree = "<group>"; };
		E174C3F7265A7204009756F1 /* README.md */ = {isa = PBXFileReference; lastKnownFileType = net.daringfireball.markdown; path = README.md; sourceTree = "<group>"; };
		E174C3FE265A7557009756F1 /* MainWindow.swift */ = {isa = PBXFileReference; lastKnownFileType = sourcecode.swift; path = MainWindow.swift; sourceTree = "<group>"; };
		E174C401265A75A1009756F1 /* ProjectNavigator.swift */ = {isa = PBXFileReference; lastKnownFileType = sourcecode.swift; path = ProjectNavigator.swift; sourceTree = "<group>"; };
		E174C40A265A78F3009756F1 /* ExpressionNavigator.swift */ = {isa = PBXFileReference; lastKnownFileType = sourcecode.swift; path = ExpressionNavigator.swift; sourceTree = "<group>"; };
		E174C40D265A7D5A009756F1 /* TranslationNavigator.swift */ = {isa = PBXFileReference; lastKnownFileType = sourcecode.swift; path = TranslationNavigator.swift; sourceTree = "<group>"; };
		E174C410265A8057009756F1 /* NoSelectedExpressionView.swift */ = {isa = PBXFileReference; lastKnownFileType = sourcecode.swift; path = NoSelectedExpressionView.swift; sourceTree = "<group>"; };
		E174C413265A862E009756F1 /* ListedExpressionView.swift */ = {isa = PBXFileReference; lastKnownFileType = sourcecode.swift; path = ListedExpressionView.swift; sourceTree = "<group>"; };
		E174C416265A8FFE009756F1 /* example.sqlite */ = {isa = PBXFileReference; lastKnownFileType = file; path = example.sqlite; sourceTree = "<group>"; };
		E174C419265AA7F1009756F1 /* ExpressionView.swift */ = {isa = PBXFileReference; lastKnownFileType = sourcecode.swift; path = ExpressionView.swift; sourceTree = "<group>"; };
		E174C41C265AAE2E009756F1 /* View+EqualWidths.swift */ = {isa = PBXFileReference; lastKnownFileType = sourcecode.swift; path = "View+EqualWidths.swift"; sourceTree = "<group>"; };
		E184FAB029200E9100A9CFFC /* PersistedStorage.swift */ = {isa = PBXFileReference; lastKnownFileType = sourcecode.swift; path = PersistedStorage.swift; sourceTree = "<group>"; };
		E184FAB329200EA800A9CFFC /* Persisted.swift */ = {isa = PBXFileReference; lastKnownFileType = sourcecode.swift; path = Persisted.swift; sourceTree = "<group>"; };
		E1BBFADC291D7ABD0068095F /* ProjectNavigatorViewModel.swift */ = {isa = PBXFileReference; lastKnownFileType = sourcecode.swift; path = ProjectNavigatorViewModel.swift; sourceTree = "<group>"; };
		E1BBFADF291D7D090068095F /* TranslationNavigatorViewModel.swift */ = {isa = PBXFileReference; lastKnownFileType = sourcecode.swift; path = TranslationNavigatorViewModel.swift; sourceTree = "<group>"; };
		E1BBFAE2291D7D730068095F /* ExpressionNavigatorViewModel.swift */ = {isa = PBXFileReference; lastKnownFileType = sourcecode.swift; path = ExpressionNavigatorViewModel.swift; sourceTree = "<group>"; };
/* End PBXFileReference section */

/* Begin PBXFrameworksBuildPhase section */
		E174C3AC2659A966009756F1 /* Frameworks */ = {
			isa = PBXFrameworksBuildPhase;
			buildActionMask = 2147483647;
			files = (
				E13F58D8299BC5360041D1DD /* Logging in Frameworks */,
				E1C902B829A3E62A00D2EDDE /* TranslationCatalogFilesystem in Frameworks */,
				E1160E62291EC03A00FB9539 /* CodeQuickKit in Frameworks */,
				E174C3ED2659B366009756F1 /* TranslationCatalogSQLite in Frameworks */,
				E1C902B329A3E55500D2EDDE /* Occurrence in Frameworks */,
				E174C3EF2659B366009756F1 /* LocaleSupport in Frameworks */,
				E174C3EB2659B366009756F1 /* TranslationCatalog in Frameworks */,
			);
			runOnlyForDeploymentPostprocessing = 0;
		};
		E174C3B42659A966009756F1 /* Frameworks */ = {
			isa = PBXFrameworksBuildPhase;
			buildActionMask = 2147483647;
			files = (
				E11F674129A3E72C00E367E7 /* Logging in Frameworks */,
				E1160E64291EC04500FB9539 /* CodeQuickKit in Frameworks */,
				E174C3F42659B36E009756F1 /* TranslationCatalog in Frameworks */,
				E174C3F62659B36E009756F1 /* TranslationCatalogSQLite in Frameworks */,
				E174C3F22659B36E009756F1 /* LocaleSupport in Frameworks */,
				E11F674329A3E72C00E367E7 /* Occurrence in Frameworks */,
				E1C902B629A3E62200D2EDDE /* TranslationCatalogFilesystem in Frameworks */,
			);
			runOnlyForDeploymentPostprocessing = 0;
		};
		E174C3BC2659A966009756F1 /* Frameworks */ = {
			isa = PBXFrameworksBuildPhase;
			buildActionMask = 2147483647;
			files = (
			);
			runOnlyForDeploymentPostprocessing = 0;
		};
		E174C3C72659A966009756F1 /* Frameworks */ = {
			isa = PBXFrameworksBuildPhase;
			buildActionMask = 2147483647;
			files = (
			);
			runOnlyForDeploymentPostprocessing = 0;
		};
/* End PBXFrameworksBuildPhase section */

/* Begin PBXGroup section */
		E10761A0266AB51500123400 /* Services */ = {
			isa = PBXGroup;
			children = (
				E15E364C2663EE7F00D98D79 /* CatalogService.swift */,
				E10761AB266AB6A100123400 /* ExpressionService.swift */,
				E13F6D8726DBF777000842D2 /* ProjectService.swift */,
				E12C63B2266CE4AB00B13A99 /* TranslationService.swift */,
			);
			path = Services;
			sourceTree = "<group>";
		};
		E1160E5C291EBF3200FB9539 /* Models */ = {
			isa = PBXGroup;
			children = (
				E10761AE266AC3F500123400 /* ContentMode.swift */,
				E106060729227156000246E7 /* Dependencies.swift */,
				E184FAB329200EA800A9CFFC /* Persisted.swift */,
				E184FAB029200E9100A9CFFC /* PersistedStorage.swift */,
				E1160E5D291EBF4F00FB9539 /* StorageMode.swift */,
			);
			path = Models;
			sourceTree = "<group>";
		};
		E15FDC282662DA1A0096BEAB /* Resources */ = {
			isa = PBXGroup;
			children = (
				E174C416265A8FFE009756F1 /* example.sqlite */,
				E174C3AA2659A966009756F1 /* Assets.xcassets */,
			);
			path = Resources;
			sourceTree = "<group>";
		};
		E15FDC292662DA320096BEAB /* Extensions */ = {
			isa = PBXGroup;
			children = (
				E15E365B266505E100D98D79 /* View+DeviceEnvironment.swift */,
				E174C41C265AAE2E009756F1 /* View+EqualWidths.swift */,
				E12C63B8266D262700B13A99 /* Translation+Lingua.swift */,
				E12C63BB266D4A7600B13A99 /* LanguageCode+Lingua.swift */,
				E12C63BE266D4AAB00B13A99 /* ScriptCode+Lingua.swift */,
				E12C63C1266D4ABE00B13A99 /* RegionCode+Lingua.swift */,
			);
			path = Extensions;
			sourceTree = "<group>";
		};
		E15FDC2A2662DA400096BEAB /* Views */ = {
			isa = PBXGroup;
			children = (
				E15FDC2C2662DAA70096BEAB /* Navigation */,
				E15FDC2D2662DEFF0096BEAB /* CreateExpressionView.swift */,
				E13F6D8426DBF6FB000842D2 /* CreateProjectView.swift */,
				E12C63B5266D1E0300B13A99 /* EditTranslationView.swift */,
				E174C419265AA7F1009756F1 /* ExpressionView.swift */,
				E174C413265A862E009756F1 /* ListedExpressionView.swift */,
				E174C410265A8057009756F1 /* NoSelectedExpressionView.swift */,
				E1160E59291EBDFC00FB9539 /* StorageSelectorView.swift */,
				E12C63AC266C0AC300B13A99 /* TranslationsView.swift */,
				E12C63AF266CDE8600B13A99 /* TranslationView.swift */,
			);
			path = Views;
			sourceTree = "<group>";
		};
		E15FDC2B2662DA5B0096BEAB /* ViewModels */ = {
			isa = PBXGroup;
			children = (
				E12C63A9266C03F400B13A99 /* ExpressionDetailsViewModel.swift */,
				E1BBFAE2291D7D730068095F /* ExpressionNavigatorViewModel.swift */,
				E1BBFADC291D7ABD0068095F /* ProjectNavigatorViewModel.swift */,
				E1BBFADF291D7D090068095F /* TranslationNavigatorViewModel.swift */,
			);
			path = ViewModels;
			sourceTree = "<group>";
		};
		E15FDC2C2662DAA70096BEAB /* Navigation */ = {
			isa = PBXGroup;
			children = (
				E1060604292270DF000246E7 /* CatalogCommands.swift */,
				E174C40A265A78F3009756F1 /* ExpressionNavigator.swift */,
				E174C3FE265A7557009756F1 /* MainWindow.swift */,
				E174C401265A75A1009756F1 /* ProjectNavigator.swift */,
				E174C40D265A7D5A009756F1 /* TranslationNavigator.swift */,
			);
			path = Navigation;
			sourceTree = "<group>";
		};
		E174C39F2659A964009756F1 = {
			isa = PBXGroup;
			children = (
				E174C3F7265A7204009756F1 /* README.md */,
				E174C3A42659A964009756F1 /* Shared */,
				E174C3B12659A966009756F1 /* iOS */,
				E174C3B82659A966009756F1 /* macOS */,
				E174C3C22659A966009756F1 /* Tests iOS */,
				E174C3CD2659A966009756F1 /* Tests macOS */,
				E174C3B02659A966009756F1 /* Products */,
				E174C3F02659B36E009756F1 /* Frameworks */,
			);
			sourceTree = "<group>";
		};
		E174C3A42659A964009756F1 /* Shared */ = {
			isa = PBXGroup;
			children = (
				E15FDC292662DA320096BEAB /* Extensions */,
				E1160E5C291EBF3200FB9539 /* Models */,
				E15FDC282662DA1A0096BEAB /* Resources */,
				E10761A0266AB51500123400 /* Services */,
				E15FDC2B2662DA5B0096BEAB /* ViewModels */,
				E15FDC2A2662DA400096BEAB /* Views */,
				E174C3A72659A964009756F1 /* LinguaApp.swift */,
			);
			path = Shared;
			sourceTree = "<group>";
		};
		E174C3B02659A966009756F1 /* Products */ = {
			isa = PBXGroup;
			children = (
				E174C3AF2659A966009756F1 /* Lingua.app */,
				E174C3B72659A966009756F1 /* Lingua.app */,
				E174C3BF2659A966009756F1 /* Tests iOS.xctest */,
				E174C3CA2659A966009756F1 /* Tests macOS.xctest */,
			);
			name = Products;
			sourceTree = "<group>";
		};
		E174C3B12659A966009756F1 /* iOS */ = {
			isa = PBXGroup;
			children = (
				E174C3B22659A966009756F1 /* Info.plist */,
			);
			path = iOS;
			sourceTree = "<group>";
		};
		E174C3B82659A966009756F1 /* macOS */ = {
			isa = PBXGroup;
			children = (
				E174C3B92659A966009756F1 /* Info.plist */,
				E174C3BA2659A966009756F1 /* macOS.entitlements */,
			);
			path = macOS;
			sourceTree = "<group>";
		};
		E174C3C22659A966009756F1 /* Tests iOS */ = {
			isa = PBXGroup;
			children = (
				E174C3C32659A966009756F1 /* Tests_iOS.swift */,
				E174C3C52659A966009756F1 /* Info.plist */,
			);
			path = "Tests iOS";
			sourceTree = "<group>";
		};
		E174C3CD2659A966009756F1 /* Tests macOS */ = {
			isa = PBXGroup;
			children = (
				E174C3CE2659A966009756F1 /* Tests_macOS.swift */,
				E174C3D02659A966009756F1 /* Info.plist */,
			);
			path = "Tests macOS";
			sourceTree = "<group>";
		};
		E174C3F02659B36E009756F1 /* Frameworks */ = {
			isa = PBXGroup;
			children = (
			);
			name = Frameworks;
			sourceTree = "<group>";
		};
/* End PBXGroup section */

/* Begin PBXNativeTarget section */
		E174C3AE2659A966009756F1 /* Lingua (iOS) */ = {
			isa = PBXNativeTarget;
			buildConfigurationList = E174C3DD2659A966009756F1 /* Build configuration list for PBXNativeTarget "Lingua (iOS)" */;
			buildPhases = (
				E174C3AB2659A966009756F1 /* Sources */,
				E174C3AC2659A966009756F1 /* Frameworks */,
				E174C3AD2659A966009756F1 /* Resources */,
			);
			buildRules = (
			);
			dependencies = (
			);
			name = "Lingua (iOS)";
			packageProductDependencies = (
				E174C3EA2659B366009756F1 /* TranslationCatalog */,
				E174C3EC2659B366009756F1 /* TranslationCatalogSQLite */,
				E174C3EE2659B366009756F1 /* LocaleSupport */,
				E1160E61291EC03A00FB9539 /* CodeQuickKit */,
				E13F58D7299BC5360041D1DD /* Logging */,
				E1C902B229A3E55500D2EDDE /* Occurrence */,
				E1C902B729A3E62A00D2EDDE /* TranslationCatalogFilesystem */,
			);
			productName = "Lingua (iOS)";
			productReference = E174C3AF2659A966009756F1 /* Lingua.app */;
			productType = "com.apple.product-type.application";
		};
		E174C3B62659A966009756F1 /* Lingua (macOS) */ = {
			isa = PBXNativeTarget;
			buildConfigurationList = E174C3E02659A966009756F1 /* Build configuration list for PBXNativeTarget "Lingua (macOS)" */;
			buildPhases = (
				E174C3B32659A966009756F1 /* Sources */,
				E174C3B42659A966009756F1 /* Frameworks */,
				E174C3B52659A966009756F1 /* Resources */,
			);
			buildRules = (
			);
			dependencies = (
			);
			name = "Lingua (macOS)";
			packageProductDependencies = (
				E174C3F12659B36E009756F1 /* LocaleSupport */,
				E174C3F32659B36E009756F1 /* TranslationCatalog */,
				E174C3F52659B36E009756F1 /* TranslationCatalogSQLite */,
				E1160E63291EC04500FB9539 /* CodeQuickKit */,
				E1C902B529A3E62200D2EDDE /* TranslationCatalogFilesystem */,
				E11F674029A3E72C00E367E7 /* Logging */,
				E11F674229A3E72C00E367E7 /* Occurrence */,
			);
			productName = "Lingua (macOS)";
			productReference = E174C3B72659A966009756F1 /* Lingua.app */;
			productType = "com.apple.product-type.application";
		};
		E174C3BE2659A966009756F1 /* Tests iOS */ = {
			isa = PBXNativeTarget;
			buildConfigurationList = E174C3E32659A966009756F1 /* Build configuration list for PBXNativeTarget "Tests iOS" */;
			buildPhases = (
				E174C3BB2659A966009756F1 /* Sources */,
				E174C3BC2659A966009756F1 /* Frameworks */,
				E174C3BD2659A966009756F1 /* Resources */,
			);
			buildRules = (
			);
			dependencies = (
				E174C3C12659A966009756F1 /* PBXTargetDependency */,
			);
			name = "Tests iOS";
			productName = "Tests iOS";
			productReference = E174C3BF2659A966009756F1 /* Tests iOS.xctest */;
			productType = "com.apple.product-type.bundle.ui-testing";
		};
		E174C3C92659A966009756F1 /* Tests macOS */ = {
			isa = PBXNativeTarget;
			buildConfigurationList = E174C3E62659A966009756F1 /* Build configuration list for PBXNativeTarget "Tests macOS" */;
			buildPhases = (
				E174C3C62659A966009756F1 /* Sources */,
				E174C3C72659A966009756F1 /* Frameworks */,
				E174C3C82659A966009756F1 /* Resources */,
			);
			buildRules = (
			);
			dependencies = (
				E174C3CC2659A966009756F1 /* PBXTargetDependency */,
			);
			name = "Tests macOS";
			productName = "Tests macOS";
			productReference = E174C3CA2659A966009756F1 /* Tests macOS.xctest */;
			productType = "com.apple.product-type.bundle.ui-testing";
		};
/* End PBXNativeTarget section */

/* Begin PBXProject section */
		E174C3A02659A964009756F1 /* Project object */ = {
			isa = PBXProject;
			attributes = {
				LastSwiftUpdateCheck = 1250;
				LastUpgradeCheck = 1410;
				TargetAttributes = {
					E174C3AE2659A966009756F1 = {
						CreatedOnToolsVersion = 12.5;
					};
					E174C3B62659A966009756F1 = {
						CreatedOnToolsVersion = 12.5;
					};
					E174C3BE2659A966009756F1 = {
						CreatedOnToolsVersion = 12.5;
						TestTargetID = E174C3AE2659A966009756F1;
					};
					E174C3C92659A966009756F1 = {
						CreatedOnToolsVersion = 12.5;
						TestTargetID = E174C3B62659A966009756F1;
					};
				};
			};
			buildConfigurationList = E174C3A32659A964009756F1 /* Build configuration list for PBXProject "Lingua" */;
			compatibilityVersion = "Xcode 9.3";
			developmentRegion = en;
			hasScannedForEncodings = 0;
			knownRegions = (
				en,
				Base,
			);
			mainGroup = E174C39F2659A964009756F1;
			packageReferences = (
				E174C3E92659B366009756F1 /* XCRemoteSwiftPackageReference "LocaleSupport" */,
				E1160E60291EC03A00FB9539 /* XCRemoteSwiftPackageReference "CodeQuickKit" */,
				E13F58D6299BC5360041D1DD /* XCRemoteSwiftPackageReference "swift-log" */,
				E1C902B129A3E55500D2EDDE /* XCRemoteSwiftPackageReference "Occurrence" */,
				E1C902B429A3E57900D2EDDE /* XCRemoteSwiftPackageReference "TranslationCatalog" */,
			);
			productRefGroup = E174C3B02659A966009756F1 /* Products */;
			projectDirPath = "";
			projectRoot = "";
			targets = (
				E174C3AE2659A966009756F1 /* Lingua (iOS) */,
				E174C3B62659A966009756F1 /* Lingua (macOS) */,
				E174C3BE2659A966009756F1 /* Tests iOS */,
				E174C3C92659A966009756F1 /* Tests macOS */,
			);
		};
/* End PBXProject section */

/* Begin PBXResourcesBuildPhase section */
		E174C3AD2659A966009756F1 /* Resources */ = {
			isa = PBXResourcesBuildPhase;
			buildActionMask = 2147483647;
			files = (
				E174C3D92659A966009756F1 /* Assets.xcassets in Resources */,
				E174C417265A8FFE009756F1 /* example.sqlite in Resources */,
			);
			runOnlyForDeploymentPostprocessing = 0;
		};
		E174C3B52659A966009756F1 /* Resources */ = {
			isa = PBXResourcesBuildPhase;
			buildActionMask = 2147483647;
			files = (
				E174C3DA2659A966009756F1 /* Assets.xcassets in Resources */,
				E174C418265A8FFE009756F1 /* example.sqlite in Resources */,
			);
			runOnlyForDeploymentPostprocessing = 0;
		};
		E174C3BD2659A966009756F1 /* Resources */ = {
			isa = PBXResourcesBuildPhase;
			buildActionMask = 2147483647;
			files = (
			);
			runOnlyForDeploymentPostprocessing = 0;
		};
		E174C3C82659A966009756F1 /* Resources */ = {
			isa = PBXResourcesBuildPhase;
			buildActionMask = 2147483647;
			files = (
			);
			runOnlyForDeploymentPostprocessing = 0;
		};
/* End PBXResourcesBuildPhase section */

/* Begin PBXSourcesBuildPhase section */
		E174C3AB2659A966009756F1 /* Sources */ = {
			isa = PBXSourcesBuildPhase;
			buildActionMask = 2147483647;
			files = (
				E12C63AA266C03F400B13A99 /* ExpressionDetailsViewModel.swift in Sources */,
				E12C63B9266D262700B13A99 /* Translation+Lingua.swift in Sources */,
				E12C63BC266D4A7600B13A99 /* LanguageCode+Lingua.swift in Sources */,
				E12C63B0266CDE8600B13A99 /* TranslationView.swift in Sources */,
				E1160E5A291EBDFC00FB9539 /* StorageSelectorView.swift in Sources */,
				E13F6D8826DBF777000842D2 /* ProjectService.swift in Sources */,
				E15FDC2E2662DEFF0096BEAB /* CreateExpressionView.swift in Sources */,
				E13F6D8526DBF6FB000842D2 /* CreateProjectView.swift in Sources */,
				E1160E5E291EBF4F00FB9539 /* StorageMode.swift in Sources */,
				E12C63C2266D4ABE00B13A99 /* RegionCode+Lingua.swift in Sources */,
				E174C41A265AA7F1009756F1 /* ExpressionView.swift in Sources */,
				E1BBFAE0291D7D090068095F /* TranslationNavigatorViewModel.swift in Sources */,
				E12C63B3266CE4AB00B13A99 /* TranslationService.swift in Sources */,
				E12C63B6266D1E0300B13A99 /* EditTranslationView.swift in Sources */,
				E10761AF266AC3F500123400 /* ContentMode.swift in Sources */,
				E174C3D32659A966009756F1 /* LinguaApp.swift in Sources */,
				E174C402265A75A1009756F1 /* ProjectNavigator.swift in Sources */,
				E184FAB429200EA800A9CFFC /* Persisted.swift in Sources */,
				E174C40E265A7D5A009756F1 /* TranslationNavigator.swift in Sources */,
				E1BBFAE3291D7D730068095F /* ExpressionNavigatorViewModel.swift in Sources */,
				E106060829227156000246E7 /* Dependencies.swift in Sources */,
				E174C41D265AAE2E009756F1 /* View+EqualWidths.swift in Sources */,
				E1060605292270DF000246E7 /* CatalogCommands.swift in Sources */,
				E174C40B265A78F3009756F1 /* ExpressionNavigator.swift in Sources */,
				E174C3FF265A7557009756F1 /* MainWindow.swift in Sources */,
				E1BBFADD291D7ABD0068095F /* ProjectNavigatorViewModel.swift in Sources */,
				E174C414265A862E009756F1 /* ListedExpressionView.swift in Sources */,
				E174C411265A8057009756F1 /* NoSelectedExpressionView.swift in Sources */,
				E184FAB129200E9100A9CFFC /* PersistedStorage.swift in Sources */,
				E12C63BF266D4AAB00B13A99 /* ScriptCode+Lingua.swift in Sources */,
				E15E364D2663EE7F00D98D79 /* CatalogService.swift in Sources */,
				E15E365C266505E100D98D79 /* View+DeviceEnvironment.swift in Sources */,
				E12C63AD266C0AC300B13A99 /* TranslationsView.swift in Sources */,
				E10761AC266AB6A100123400 /* ExpressionService.swift in Sources */,
			);
			runOnlyForDeploymentPostprocessing = 0;
		};
		E174C3B32659A966009756F1 /* Sources */ = {
			isa = PBXSourcesBuildPhase;
			buildActionMask = 2147483647;
			files = (
				E12C63AB266C03F400B13A99 /* ExpressionDetailsViewModel.swift in Sources */,
				E12C63BA266D262700B13A99 /* Translation+Lingua.swift in Sources */,
				E12C63BD266D4A7600B13A99 /* LanguageCode+Lingua.swift in Sources */,
				E12C63B1266CDE8600B13A99 /* TranslationView.swift in Sources */,
				E1160E5B291EBDFC00FB9539 /* StorageSelectorView.swift in Sources */,
				E13F6D8926DBF777000842D2 /* ProjectService.swift in Sources */,
				E15FDC2F2662DEFF0096BEAB /* CreateExpressionView.swift in Sources */,
				E13F6D8626DBF6FB000842D2 /* CreateProjectView.swift in Sources */,
				E1160E5F291EBF4F00FB9539 /* StorageMode.swift in Sources */,
				E12C63C3266D4ABE00B13A99 /* RegionCode+Lingua.swift in Sources */,
				E174C41B265AA7F1009756F1 /* ExpressionView.swift in Sources */,
				E1BBFAE1291D7D090068095F /* TranslationNavigatorViewModel.swift in Sources */,
				E12C63B4266CE4AB00B13A99 /* TranslationService.swift in Sources */,
				E12C63B7266D1E0300B13A99 /* EditTranslationView.swift in Sources */,
				E10761B0266AC3F500123400 /* ContentMode.swift in Sources */,
				E174C3D42659A966009756F1 /* LinguaApp.swift in Sources */,
				E174C403265A75A1009756F1 /* ProjectNavigator.swift in Sources */,
				E184FAB529200EA800A9CFFC /* Persisted.swift in Sources */,
				E174C40F265A7D5A009756F1 /* TranslationNavigator.swift in Sources */,
				E1BBFAE4291D7D730068095F /* ExpressionNavigatorViewModel.swift in Sources */,
				E106060929227156000246E7 /* Dependencies.swift in Sources */,
				E174C41E265AAE2E009756F1 /* View+EqualWidths.swift in Sources */,
				E1060606292270DF000246E7 /* CatalogCommands.swift in Sources */,
				E174C40C265A78F3009756F1 /* ExpressionNavigator.swift in Sources */,
				E174C400265A7557009756F1 /* MainWindow.swift in Sources */,
				E1BBFADE291D7ABD0068095F /* ProjectNavigatorViewModel.swift in Sources */,
				E174C415265A862E009756F1 /* ListedExpressionView.swift in Sources */,
				E174C412265A8057009756F1 /* NoSelectedExpressionView.swift in Sources */,
				E184FAB229200E9100A9CFFC /* PersistedStorage.swift in Sources */,
				E12C63C0266D4AAB00B13A99 /* ScriptCode+Lingua.swift in Sources */,
				E15E364E2663EE7F00D98D79 /* CatalogService.swift in Sources */,
				E15E365D266505E100D98D79 /* View+DeviceEnvironment.swift in Sources */,
				E12C63AE266C0AC300B13A99 /* TranslationsView.swift in Sources */,
				E10761AD266AB6A100123400 /* ExpressionService.swift in Sources */,
			);
			runOnlyForDeploymentPostprocessing = 0;
		};
		E174C3BB2659A966009756F1 /* Sources */ = {
			isa = PBXSourcesBuildPhase;
			buildActionMask = 2147483647;
			files = (
				E174C3C42659A966009756F1 /* Tests_iOS.swift in Sources */,
			);
			runOnlyForDeploymentPostprocessing = 0;
		};
		E174C3C62659A966009756F1 /* Sources */ = {
			isa = PBXSourcesBuildPhase;
			buildActionMask = 2147483647;
			files = (
				E174C3CF2659A966009756F1 /* Tests_macOS.swift in Sources */,
			);
			runOnlyForDeploymentPostprocessing = 0;
		};
/* End PBXSourcesBuildPhase section */

/* Begin PBXTargetDependency section */
		E174C3C12659A966009756F1 /* PBXTargetDependency */ = {
			isa = PBXTargetDependency;
			target = E174C3AE2659A966009756F1 /* Lingua (iOS) */;
			targetProxy = E174C3C02659A966009756F1 /* PBXContainerItemProxy */;
		};
		E174C3CC2659A966009756F1 /* PBXTargetDependency */ = {
			isa = PBXTargetDependency;
			target = E174C3B62659A966009756F1 /* Lingua (macOS) */;
			targetProxy = E174C3CB2659A966009756F1 /* PBXContainerItemProxy */;
		};
/* End PBXTargetDependency section */

/* Begin XCBuildConfiguration section */
		E174C3DB2659A966009756F1 /* Debug */ = {
			isa = XCBuildConfiguration;
			buildSettings = {
				ALWAYS_SEARCH_USER_PATHS = NO;
				CLANG_ANALYZER_NONNULL = YES;
				CLANG_ANALYZER_NUMBER_OBJECT_CONVERSION = YES_AGGRESSIVE;
				CLANG_CXX_LANGUAGE_STANDARD = "gnu++14";
				CLANG_CXX_LIBRARY = "libc++";
				CLANG_ENABLE_MODULES = YES;
				CLANG_ENABLE_OBJC_ARC = YES;
				CLANG_ENABLE_OBJC_WEAK = YES;
				CLANG_WARN_BLOCK_CAPTURE_AUTORELEASING = YES;
				CLANG_WARN_BOOL_CONVERSION = YES;
				CLANG_WARN_COMMA = YES;
				CLANG_WARN_CONSTANT_CONVERSION = YES;
				CLANG_WARN_DEPRECATED_OBJC_IMPLEMENTATIONS = YES;
				CLANG_WARN_DIRECT_OBJC_ISA_USAGE = YES_ERROR;
				CLANG_WARN_DOCUMENTATION_COMMENTS = YES;
				CLANG_WARN_EMPTY_BODY = YES;
				CLANG_WARN_ENUM_CONVERSION = YES;
				CLANG_WARN_INFINITE_RECURSION = YES;
				CLANG_WARN_INT_CONVERSION = YES;
				CLANG_WARN_NON_LITERAL_NULL_CONVERSION = YES;
				CLANG_WARN_OBJC_IMPLICIT_RETAIN_SELF = YES;
				CLANG_WARN_OBJC_LITERAL_CONVERSION = YES;
				CLANG_WARN_OBJC_ROOT_CLASS = YES_ERROR;
				CLANG_WARN_QUOTED_INCLUDE_IN_FRAMEWORK_HEADER = YES;
				CLANG_WARN_RANGE_LOOP_ANALYSIS = YES;
				CLANG_WARN_STRICT_PROTOTYPES = YES;
				CLANG_WARN_SUSPICIOUS_MOVE = YES;
				CLANG_WARN_UNGUARDED_AVAILABILITY = YES_AGGRESSIVE;
				CLANG_WARN_UNREACHABLE_CODE = YES;
				CLANG_WARN__DUPLICATE_METHOD_MATCH = YES;
				COPY_PHASE_STRIP = NO;
				DEAD_CODE_STRIPPING = YES;
				DEBUG_INFORMATION_FORMAT = dwarf;
				ENABLE_STRICT_OBJC_MSGSEND = YES;
				ENABLE_TESTABILITY = YES;
				GCC_C_LANGUAGE_STANDARD = gnu11;
				GCC_DYNAMIC_NO_PIC = NO;
				GCC_NO_COMMON_BLOCKS = YES;
				GCC_OPTIMIZATION_LEVEL = 0;
				GCC_PREPROCESSOR_DEFINITIONS = (
					"DEBUG=1",
					"$(inherited)",
				);
				GCC_WARN_64_TO_32_BIT_CONVERSION = YES;
				GCC_WARN_ABOUT_RETURN_TYPE = YES_ERROR;
				GCC_WARN_UNDECLARED_SELECTOR = YES;
				GCC_WARN_UNINITIALIZED_AUTOS = YES_AGGRESSIVE;
				GCC_WARN_UNUSED_FUNCTION = YES;
				GCC_WARN_UNUSED_VARIABLE = YES;
				IPHONEOS_DEPLOYMENT_TARGET = 15.6;
				MACOSX_DEPLOYMENT_TARGET = 12.0;
				MTL_ENABLE_DEBUG_INFO = INCLUDE_SOURCE;
				MTL_FAST_MATH = YES;
				ONLY_ACTIVE_ARCH = YES;
				SWIFT_ACTIVE_COMPILATION_CONDITIONS = DEBUG;
				SWIFT_OPTIMIZATION_LEVEL = "-Onone";
			};
			name = Debug;
		};
		E174C3DC2659A966009756F1 /* Release */ = {
			isa = XCBuildConfiguration;
			buildSettings = {
				ALWAYS_SEARCH_USER_PATHS = NO;
				CLANG_ANALYZER_NONNULL = YES;
				CLANG_ANALYZER_NUMBER_OBJECT_CONVERSION = YES_AGGRESSIVE;
				CLANG_CXX_LANGUAGE_STANDARD = "gnu++14";
				CLANG_CXX_LIBRARY = "libc++";
				CLANG_ENABLE_MODULES = YES;
				CLANG_ENABLE_OBJC_ARC = YES;
				CLANG_ENABLE_OBJC_WEAK = YES;
				CLANG_WARN_BLOCK_CAPTURE_AUTORELEASING = YES;
				CLANG_WARN_BOOL_CONVERSION = YES;
				CLANG_WARN_COMMA = YES;
				CLANG_WARN_CONSTANT_CONVERSION = YES;
				CLANG_WARN_DEPRECATED_OBJC_IMPLEMENTATIONS = YES;
				CLANG_WARN_DIRECT_OBJC_ISA_USAGE = YES_ERROR;
				CLANG_WARN_DOCUMENTATION_COMMENTS = YES;
				CLANG_WARN_EMPTY_BODY = YES;
				CLANG_WARN_ENUM_CONVERSION = YES;
				CLANG_WARN_INFINITE_RECURSION = YES;
				CLANG_WARN_INT_CONVERSION = YES;
				CLANG_WARN_NON_LITERAL_NULL_CONVERSION = YES;
				CLANG_WARN_OBJC_IMPLICIT_RETAIN_SELF = YES;
				CLANG_WARN_OBJC_LITERAL_CONVERSION = YES;
				CLANG_WARN_OBJC_ROOT_CLASS = YES_ERROR;
				CLANG_WARN_QUOTED_INCLUDE_IN_FRAMEWORK_HEADER = YES;
				CLANG_WARN_RANGE_LOOP_ANALYSIS = YES;
				CLANG_WARN_STRICT_PROTOTYPES = YES;
				CLANG_WARN_SUSPICIOUS_MOVE = YES;
				CLANG_WARN_UNGUARDED_AVAILABILITY = YES_AGGRESSIVE;
				CLANG_WARN_UNREACHABLE_CODE = YES;
				CLANG_WARN__DUPLICATE_METHOD_MATCH = YES;
				COPY_PHASE_STRIP = NO;
				DEAD_CODE_STRIPPING = YES;
				DEBUG_INFORMATION_FORMAT = "dwarf-with-dsym";
				ENABLE_NS_ASSERTIONS = NO;
				ENABLE_STRICT_OBJC_MSGSEND = YES;
				GCC_C_LANGUAGE_STANDARD = gnu11;
				GCC_NO_COMMON_BLOCKS = YES;
				GCC_WARN_64_TO_32_BIT_CONVERSION = YES;
				GCC_WARN_ABOUT_RETURN_TYPE = YES_ERROR;
				GCC_WARN_UNDECLARED_SELECTOR = YES;
				GCC_WARN_UNINITIALIZED_AUTOS = YES_AGGRESSIVE;
				GCC_WARN_UNUSED_FUNCTION = YES;
				GCC_WARN_UNUSED_VARIABLE = YES;
				IPHONEOS_DEPLOYMENT_TARGET = 15.6;
				MACOSX_DEPLOYMENT_TARGET = 12.0;
				MTL_ENABLE_DEBUG_INFO = NO;
				MTL_FAST_MATH = YES;
				SWIFT_COMPILATION_MODE = wholemodule;
				SWIFT_OPTIMIZATION_LEVEL = "-O";
			};
			name = Release;
		};
		E174C3DE2659A966009756F1 /* Debug */ = {
			isa = XCBuildConfiguration;
			buildSettings = {
				ASSETCATALOG_COMPILER_APPICON_NAME = AppIcon;
				ASSETCATALOG_COMPILER_GLOBAL_ACCENT_COLOR_NAME = AccentColor;
				CODE_SIGN_STYLE = Automatic;
				CURRENT_PROJECT_VERSION = 1;
				DEVELOPMENT_TEAM = EX6YK9HKXA;
				ENABLE_PREVIEWS = YES;
				INFOPLIST_FILE = iOS/Info.plist;
				INFOPLIST_KEY_CFBundleDisplayName = Lingua;
				INFOPLIST_KEY_LSApplicationCategoryType = "public.app-category.developer-tools";
				IPHONEOS_DEPLOYMENT_TARGET = 15.0;
				LD_RUNPATH_SEARCH_PATHS = (
					"$(inherited)",
					"@executable_path/Frameworks",
				);
				MARKETING_VERSION = 1.0;
				PRODUCT_BUNDLE_IDENTIFIER = com.richardpiazza.lingua;
				PRODUCT_NAME = Lingua;
				SDKROOT = iphoneos;
				SWIFT_VERSION = 5.0;
				TARGETED_DEVICE_FAMILY = "1,2";
			};
			name = Debug;
		};
		E174C3DF2659A966009756F1 /* Release */ = {
			isa = XCBuildConfiguration;
			buildSettings = {
				ASSETCATALOG_COMPILER_APPICON_NAME = AppIcon;
				ASSETCATALOG_COMPILER_GLOBAL_ACCENT_COLOR_NAME = AccentColor;
				CODE_SIGN_STYLE = Automatic;
				CURRENT_PROJECT_VERSION = 1;
				DEVELOPMENT_TEAM = EX6YK9HKXA;
				ENABLE_PREVIEWS = YES;
				INFOPLIST_FILE = iOS/Info.plist;
				INFOPLIST_KEY_CFBundleDisplayName = Lingua;
				INFOPLIST_KEY_LSApplicationCategoryType = "public.app-category.developer-tools";
				IPHONEOS_DEPLOYMENT_TARGET = 15.0;
				LD_RUNPATH_SEARCH_PATHS = (
					"$(inherited)",
					"@executable_path/Frameworks",
				);
				MARKETING_VERSION = 1.0;
				PRODUCT_BUNDLE_IDENTIFIER = com.richardpiazza.lingua;
				PRODUCT_NAME = Lingua;
				SDKROOT = iphoneos;
				SWIFT_VERSION = 5.0;
				TARGETED_DEVICE_FAMILY = "1,2";
				VALIDATE_PRODUCT = YES;
			};
			name = Release;
		};
		E174C3E12659A966009756F1 /* Debug */ = {
			isa = XCBuildConfiguration;
			buildSettings = {
				ASSETCATALOG_COMPILER_APPICON_NAME = AppIcon;
				ASSETCATALOG_COMPILER_GLOBAL_ACCENT_COLOR_NAME = AccentColor;
				CODE_SIGN_ENTITLEMENTS = macOS/macOS.entitlements;
				CODE_SIGN_IDENTITY = "-";
				"CODE_SIGN_IDENTITY[sdk=macosx*]" = "Apple Development";
				CODE_SIGN_STYLE = Automatic;
				COMBINE_HIDPI_IMAGES = YES;
				CURRENT_PROJECT_VERSION = 1;
				DEAD_CODE_STRIPPING = YES;
				DEVELOPMENT_TEAM = EX6YK9HKXA;
				ENABLE_HARDENED_RUNTIME = YES;
				ENABLE_PREVIEWS = YES;
				INFOPLIST_FILE = macOS/Info.plist;
				INFOPLIST_KEY_CFBundleDisplayName = Lingua;
				INFOPLIST_KEY_LSApplicationCategoryType = "public.app-category.developer-tools";
				LD_RUNPATH_SEARCH_PATHS = (
					"$(inherited)",
					"@executable_path/../Frameworks",
				);
				MACOSX_DEPLOYMENT_TARGET = 12.0;
				MARKETING_VERSION = 1.0;
				PRODUCT_BUNDLE_IDENTIFIER = com.richardpiazza.lingua;
				PRODUCT_NAME = Lingua;
				SDKROOT = macosx;
				SWIFT_VERSION = 5.0;
			};
			name = Debug;
		};
		E174C3E22659A966009756F1 /* Release */ = {
			isa = XCBuildConfiguration;
			buildSettings = {
				ASSETCATALOG_COMPILER_APPICON_NAME = AppIcon;
				ASSETCATALOG_COMPILER_GLOBAL_ACCENT_COLOR_NAME = AccentColor;
				CODE_SIGN_ENTITLEMENTS = macOS/macOS.entitlements;
				CODE_SIGN_IDENTITY = "-";
				"CODE_SIGN_IDENTITY[sdk=macosx*]" = "Apple Development";
				CODE_SIGN_STYLE = Automatic;
				COMBINE_HIDPI_IMAGES = YES;
				CURRENT_PROJECT_VERSION = 1;
				DEAD_CODE_STRIPPING = YES;
				DEVELOPMENT_TEAM = EX6YK9HKXA;
				ENABLE_HARDENED_RUNTIME = YES;
				ENABLE_PREVIEWS = YES;
				INFOPLIST_FILE = macOS/Info.plist;
				INFOPLIST_KEY_CFBundleDisplayName = Lingua;
				INFOPLIST_KEY_LSApplicationCategoryType = "public.app-category.developer-tools";
				LD_RUNPATH_SEARCH_PATHS = (
					"$(inherited)",
					"@executable_path/../Frameworks",
				);
				MACOSX_DEPLOYMENT_TARGET = 12.0;
				MARKETING_VERSION = 1.0;
				PRODUCT_BUNDLE_IDENTIFIER = com.richardpiazza.lingua;
				PRODUCT_NAME = Lingua;
				SDKROOT = macosx;
				SWIFT_VERSION = 5.0;
			};
			name = Release;
		};
		E174C3E42659A966009756F1 /* Debug */ = {
			isa = XCBuildConfiguration;
			buildSettings = {
				ALWAYS_EMBED_SWIFT_STANDARD_LIBRARIES = YES;
				CODE_SIGN_STYLE = Automatic;
				DEVELOPMENT_TEAM = EX6YK9HKXA;
				INFOPLIST_FILE = "Tests iOS/Info.plist";
				IPHONEOS_DEPLOYMENT_TARGET = 14.5;
				LD_RUNPATH_SEARCH_PATHS = (
					"$(inherited)",
					"@executable_path/Frameworks",
					"@loader_path/Frameworks",
				);
				PRODUCT_BUNDLE_IDENTIFIER = "com.richardpiazza.Tests-iOS";
				PRODUCT_NAME = "$(TARGET_NAME)";
				SDKROOT = iphoneos;
				SWIFT_VERSION = 5.0;
				TARGETED_DEVICE_FAMILY = "1,2";
				TEST_TARGET_NAME = "Lingua (iOS)";
			};
			name = Debug;
		};
		E174C3E52659A966009756F1 /* Release */ = {
			isa = XCBuildConfiguration;
			buildSettings = {
				ALWAYS_EMBED_SWIFT_STANDARD_LIBRARIES = YES;
				CODE_SIGN_STYLE = Automatic;
				DEVELOPMENT_TEAM = EX6YK9HKXA;
				INFOPLIST_FILE = "Tests iOS/Info.plist";
				IPHONEOS_DEPLOYMENT_TARGET = 14.5;
				LD_RUNPATH_SEARCH_PATHS = (
					"$(inherited)",
					"@executable_path/Frameworks",
					"@loader_path/Frameworks",
				);
				PRODUCT_BUNDLE_IDENTIFIER = "com.richardpiazza.Tests-iOS";
				PRODUCT_NAME = "$(TARGET_NAME)";
				SDKROOT = iphoneos;
				SWIFT_VERSION = 5.0;
				TARGETED_DEVICE_FAMILY = "1,2";
				TEST_TARGET_NAME = "Lingua (iOS)";
				VALIDATE_PRODUCT = YES;
			};
			name = Release;
		};
		E174C3E72659A966009756F1 /* Debug */ = {
			isa = XCBuildConfiguration;
			buildSettings = {
				ALWAYS_EMBED_SWIFT_STANDARD_LIBRARIES = YES;
				CODE_SIGN_STYLE = Automatic;
				COMBINE_HIDPI_IMAGES = YES;
				DEAD_CODE_STRIPPING = YES;
				DEVELOPMENT_TEAM = EX6YK9HKXA;
				INFOPLIST_FILE = "Tests macOS/Info.plist";
				LD_RUNPATH_SEARCH_PATHS = (
					"$(inherited)",
					"@executable_path/../Frameworks",
					"@loader_path/../Frameworks",
				);
				MACOSX_DEPLOYMENT_TARGET = 11.3;
				PRODUCT_BUNDLE_IDENTIFIER = "com.richardpiazza.Tests-macOS";
				PRODUCT_NAME = "$(TARGET_NAME)";
				SDKROOT = macosx;
				SWIFT_VERSION = 5.0;
				TEST_TARGET_NAME = "Lingua (macOS)";
			};
			name = Debug;
		};
		E174C3E82659A966009756F1 /* Release */ = {
			isa = XCBuildConfiguration;
			buildSettings = {
				ALWAYS_EMBED_SWIFT_STANDARD_LIBRARIES = YES;
				CODE_SIGN_STYLE = Automatic;
				COMBINE_HIDPI_IMAGES = YES;
				DEAD_CODE_STRIPPING = YES;
				DEVELOPMENT_TEAM = EX6YK9HKXA;
				INFOPLIST_FILE = "Tests macOS/Info.plist";
				LD_RUNPATH_SEARCH_PATHS = (
					"$(inherited)",
					"@executable_path/../Frameworks",
					"@loader_path/../Frameworks",
				);
				MACOSX_DEPLOYMENT_TARGET = 11.3;
				PRODUCT_BUNDLE_IDENTIFIER = "com.richardpiazza.Tests-macOS";
				PRODUCT_NAME = "$(TARGET_NAME)";
				SDKROOT = macosx;
				SWIFT_VERSION = 5.0;
				TEST_TARGET_NAME = "Lingua (macOS)";
			};
			name = Release;
		};
/* End XCBuildConfiguration section */

/* Begin XCConfigurationList section */
		E174C3A32659A964009756F1 /* Build configuration list for PBXProject "Lingua" */ = {
			isa = XCConfigurationList;
			buildConfigurations = (
				E174C3DB2659A966009756F1 /* Debug */,
				E174C3DC2659A966009756F1 /* Release */,
			);
			defaultConfigurationIsVisible = 0;
			defaultConfigurationName = Release;
		};
		E174C3DD2659A966009756F1 /* Build configuration list for PBXNativeTarget "Lingua (iOS)" */ = {
			isa = XCConfigurationList;
			buildConfigurations = (
				E174C3DE2659A966009756F1 /* Debug */,
				E174C3DF2659A966009756F1 /* Release */,
			);
			defaultConfigurationIsVisible = 0;
			defaultConfigurationName = Release;
		};
		E174C3E02659A966009756F1 /* Build configuration list for PBXNativeTarget "Lingua (macOS)" */ = {
			isa = XCConfigurationList;
			buildConfigurations = (
				E174C3E12659A966009756F1 /* Debug */,
				E174C3E22659A966009756F1 /* Release */,
			);
			defaultConfigurationIsVisible = 0;
			defaultConfigurationName = Release;
		};
		E174C3E32659A966009756F1 /* Build configuration list for PBXNativeTarget "Tests iOS" */ = {
			isa = XCConfigurationList;
			buildConfigurations = (
				E174C3E42659A966009756F1 /* Debug */,
				E174C3E52659A966009756F1 /* Release */,
			);
			defaultConfigurationIsVisible = 0;
			defaultConfigurationName = Release;
		};
		E174C3E62659A966009756F1 /* Build configuration list for PBXNativeTarget "Tests macOS" */ = {
			isa = XCConfigurationList;
			buildConfigurations = (
				E174C3E72659A966009756F1 /* Debug */,
				E174C3E82659A966009756F1 /* Release */,
			);
			defaultConfigurationIsVisible = 0;
			defaultConfigurationName = Release;
		};
/* End XCConfigurationList section */

/* Begin XCRemoteSwiftPackageReference section */
		E1160E60291EC03A00FB9539 /* XCRemoteSwiftPackageReference "CodeQuickKit" */ = {
			isa = XCRemoteSwiftPackageReference;
			repositoryURL = "https://github.com/richardpiazza/CodeQuickKit";
			requirement = {
				kind = upToNextMinorVersion;
				minimumVersion = 7.0.0;
			};
		};
		E13F58D6299BC5360041D1DD /* XCRemoteSwiftPackageReference "swift-log" */ = {
			isa = XCRemoteSwiftPackageReference;
			repositoryURL = "https://github.com/apple/swift-log";
			requirement = {
				kind = upToNextMinorVersion;
				minimumVersion = 1.5.2;
			};
		};
		E174C3E92659B366009756F1 /* XCRemoteSwiftPackageReference "LocaleSupport" */ = {
			isa = XCRemoteSwiftPackageReference;
			repositoryURL = "https://github.com/richardpiazza/LocaleSupport";
			requirement = {
				kind = upToNextMinorVersion;
				minimumVersion = 0.4.2;
			};
		};
		E1C902B129A3E55500D2EDDE /* XCRemoteSwiftPackageReference "Occurrence" */ = {
			isa = XCRemoteSwiftPackageReference;
			repositoryURL = "https://github.com/richardpiazza/Occurrence";
			requirement = {
				branch = main;
				kind = branch;
			};
		};
		E1C902B429A3E57900D2EDDE /* XCRemoteSwiftPackageReference "TranslationCatalog" */ = {
			isa = XCRemoteSwiftPackageReference;
			repositoryURL = "https://github.com/richardpiazza/TranslationCatalog.git";
			requirement = {
				branch = main;
				kind = branch;
			};
		};
/* End XCRemoteSwiftPackageReference section */

/* Begin XCSwiftPackageProductDependency section */
		E1160E61291EC03A00FB9539 /* CodeQuickKit */ = {
			isa = XCSwiftPackageProductDependency;
			package = E1160E60291EC03A00FB9539 /* XCRemoteSwiftPackageReference "CodeQuickKit" */;
			productName = CodeQuickKit;
		};
		E1160E63291EC04500FB9539 /* CodeQuickKit */ = {
			isa = XCSwiftPackageProductDependency;
			package = E1160E60291EC03A00FB9539 /* XCRemoteSwiftPackageReference "CodeQuickKit" */;
			productName = CodeQuickKit;
		};
		E11F674029A3E72C00E367E7 /* Logging */ = {
			isa = XCSwiftPackageProductDependency;
			package = E13F58D6299BC5360041D1DD /* XCRemoteSwiftPackageReference "swift-log" */;
			productName = Logging;
		};
		E11F674229A3E72C00E367E7 /* Occurrence */ = {
			isa = XCSwiftPackageProductDependency;
			package = E1C902B129A3E55500D2EDDE /* XCRemoteSwiftPackageReference "Occurrence" */;
			productName = Occurrence;
		};
		E13F58D7299BC5360041D1DD /* Logging */ = {
			isa = XCSwiftPackageProductDependency;
			package = E13F58D6299BC5360041D1DD /* XCRemoteSwiftPackageReference "swift-log" */;
			productName = Logging;
		};
		E174C3EA2659B366009756F1 /* TranslationCatalog */ = {
			isa = XCSwiftPackageProductDependency;
			package = E174C3E92659B366009756F1 /* XCRemoteSwiftPackageReference "LocaleSupport" */;
			productName = TranslationCatalog;
		};
		E174C3EC2659B366009756F1 /* TranslationCatalogSQLite */ = {
			isa = XCSwiftPackageProductDependency;
			package = E174C3E92659B366009756F1 /* XCRemoteSwiftPackageReference "LocaleSupport" */;
			productName = TranslationCatalogSQLite;
		};
		E174C3EE2659B366009756F1 /* LocaleSupport */ = {
			isa = XCSwiftPackageProductDependency;
			package = E174C3E92659B366009756F1 /* XCRemoteSwiftPackageReference "LocaleSupport" */;
			productName = LocaleSupport;
		};
		E174C3F12659B36E009756F1 /* LocaleSupport */ = {
			isa = XCSwiftPackageProductDependency;
			package = E174C3E92659B366009756F1 /* XCRemoteSwiftPackageReference "LocaleSupport" */;
			productName = LocaleSupport;
		};
		E174C3F32659B36E009756F1 /* TranslationCatalog */ = {
			isa = XCSwiftPackageProductDependency;
			package = E174C3E92659B366009756F1 /* XCRemoteSwiftPackageReference "LocaleSupport" */;
			productName = TranslationCatalog;
		};
		E174C3F52659B36E009756F1 /* TranslationCatalogSQLite */ = {
			isa = XCSwiftPackageProductDependency;
			package = E174C3E92659B366009756F1 /* XCRemoteSwiftPackageReference "LocaleSupport" */;
			productName = TranslationCatalogSQLite;
		};
		E1C902B229A3E55500D2EDDE /* Occurrence */ = {
			isa = XCSwiftPackageProductDependency;
			package = E1C902B129A3E55500D2EDDE /* XCRemoteSwiftPackageReference "Occurrence" */;
			productName = Occurrence;
		};
		E1C902B529A3E62200D2EDDE /* TranslationCatalogFilesystem */ = {
			isa = XCSwiftPackageProductDependency;
			package = E1C902B429A3E57900D2EDDE /* XCRemoteSwiftPackageReference "TranslationCatalog" */;
			productName = TranslationCatalogFilesystem;
		};
		E1C902B729A3E62A00D2EDDE /* TranslationCatalogFilesystem */ = {
			isa = XCSwiftPackageProductDependency;
			package = E1C902B429A3E57900D2EDDE /* XCRemoteSwiftPackageReference "TranslationCatalog" */;
			productName = TranslationCatalogFilesystem;
		};
/* End XCSwiftPackageProductDependency section */
	};
	rootObject = E174C3A02659A964009756F1 /* Project object */;
}
