// !$*UTF8*$!
{
	archiveVersion = 1;
	classes = {
	};
	objectVersion = 56;
	objects = {

/* Begin PBXBuildFile section */
		E1DF40612B839BB200D562EC /* LinguaApp.swift in Sources */ = {isa = PBXBuildFile; fileRef = E1DF40602B839BB200D562EC /* LinguaApp.swift */; };
		E1DF40652B839BB300D562EC /* Assets.xcassets in Resources */ = {isa = PBXBuildFile; fileRef = E1DF40642B839BB300D562EC /* Assets.xcassets */; };
		E1DF40732B839BB300D562EC /* LinguaTests.swift in Sources */ = {isa = PBXBuildFile; fileRef = E1DF40722B839BB300D562EC /* LinguaTests.swift */; };
		E1DF407D2B839BB300D562EC /* LinguaUITests.swift in Sources */ = {isa = PBXBuildFile; fileRef = E1DF407C2B839BB300D562EC /* LinguaUITests.swift */; };
		E1DF407F2B839BB300D562EC /* LinguaUITestsLaunchTests.swift in Sources */ = {isa = PBXBuildFile; fileRef = E1DF407E2B839BB300D562EC /* LinguaUITestsLaunchTests.swift */; };
		E1DF40932B839D7700D562EC /* Infuse in Frameworks */ = {isa = PBXBuildFile; productRef = E1DF40922B839D7700D562EC /* Infuse */; };
		E1DF40962B839DA700D562EC /* TranslationCatalog in Frameworks */ = {isa = PBXBuildFile; productRef = E1DF40952B839DA700D562EC /* TranslationCatalog */; };
		E1DF40992B839DC200D562EC /* Occurrence in Frameworks */ = {isa = PBXBuildFile; productRef = E1DF40982B839DC200D562EC /* Occurrence */; };
		E1DF40AC2B839E8100D562EC /* CreateProjectView.swift in Sources */ = {isa = PBXBuildFile; fileRef = E1DF409A2B839E8100D562EC /* CreateProjectView.swift */; };
		E1DF40AD2B839E8100D562EC /* TranslationsView.swift in Sources */ = {isa = PBXBuildFile; fileRef = E1DF409B2B839E8100D562EC /* TranslationsView.swift */; };
		E1DF40AE2B839E8100D562EC /* TranslationView.swift in Sources */ = {isa = PBXBuildFile; fileRef = E1DF409C2B839E8100D562EC /* TranslationView.swift */; };
		E1DF40AF2B839E8100D562EC /* StorageSelectorView.swift in Sources */ = {isa = PBXBuildFile; fileRef = E1DF409D2B839E8100D562EC /* StorageSelectorView.swift */; };
		E1DF40B02B839E8100D562EC /* CreateExpressionView.swift in Sources */ = {isa = PBXBuildFile; fileRef = E1DF409E2B839E8100D562EC /* CreateExpressionView.swift */; };
		E1DF40B12B839E8100D562EC /* NoSelectedExpressionView.swift in Sources */ = {isa = PBXBuildFile; fileRef = E1DF409F2B839E8100D562EC /* NoSelectedExpressionView.swift */; };
		E1DF40B22B839E8100D562EC /* ExpressionNavigator.swift in Sources */ = {isa = PBXBuildFile; fileRef = E1DF40A12B839E8100D562EC /* ExpressionNavigator.swift */; };
		E1DF40B32B839E8100D562EC /* CatalogCommands.swift in Sources */ = {isa = PBXBuildFile; fileRef = E1DF40A22B839E8100D562EC /* CatalogCommands.swift */; };
		E1DF40B42B839E8100D562EC /* TranslationNavigator.swift in Sources */ = {isa = PBXBuildFile; fileRef = E1DF40A32B839E8100D562EC /* TranslationNavigator.swift */; };
		E1DF40B52B839E8100D562EC /* MainWindow.swift in Sources */ = {isa = PBXBuildFile; fileRef = E1DF40A42B839E8100D562EC /* MainWindow.swift */; };
		E1DF40B62B839E8100D562EC /* ProjectNavigator.swift in Sources */ = {isa = PBXBuildFile; fileRef = E1DF40A52B839E8100D562EC /* ProjectNavigator.swift */; };
		E1DF40B72B839E8100D562EC /* FolderPickerView.swift in Sources */ = {isa = PBXBuildFile; fileRef = E1DF40A62B839E8100D562EC /* FolderPickerView.swift */; };
		E1DF40B82B839E8100D562EC /* EditTranslationView.swift in Sources */ = {isa = PBXBuildFile; fileRef = E1DF40A72B839E8100D562EC /* EditTranslationView.swift */; };
		E1DF40B92B839E8100D562EC /* ListedExpressionView.swift in Sources */ = {isa = PBXBuildFile; fileRef = E1DF40A82B839E8100D562EC /* ListedExpressionView.swift */; };
		E1DF40BA2B839E8100D562EC /* ExpressionView.swift in Sources */ = {isa = PBXBuildFile; fileRef = E1DF40A92B839E8100D562EC /* ExpressionView.swift */; };
		E1DF40BB2B839E8100D562EC /* ExportExpressionsView.swift in Sources */ = {isa = PBXBuildFile; fileRef = E1DF40AA2B839E8100D562EC /* ExportExpressionsView.swift */; };
		E1DF40BC2B839E8100D562EC /* ExpressionFieldView.swift in Sources */ = {isa = PBXBuildFile; fileRef = E1DF40AB2B839E8100D562EC /* ExpressionFieldView.swift */; };
		E1DF40C02B839E8D00D562EC /* TranslationNavigatorViewModel.swift in Sources */ = {isa = PBXBuildFile; fileRef = E1DF40BD2B839E8D00D562EC /* TranslationNavigatorViewModel.swift */; };
		E1DF40C12B839E8D00D562EC /* ExpressionNavigatorViewModel.swift in Sources */ = {isa = PBXBuildFile; fileRef = E1DF40BE2B839E8D00D562EC /* ExpressionNavigatorViewModel.swift */; };
		E1DF40C22B839E8D00D562EC /* ProjectNavigatorViewModel.swift in Sources */ = {isa = PBXBuildFile; fileRef = E1DF40BF2B839E8D00D562EC /* ProjectNavigatorViewModel.swift */; };
		E1DF40CE2B839E9400D562EC /* EmulatedExpressionService.swift in Sources */ = {isa = PBXBuildFile; fileRef = E1DF40C42B839E9400D562EC /* EmulatedExpressionService.swift */; };
		E1DF40CF2B839E9400D562EC /* LinguaProjectService.swift in Sources */ = {isa = PBXBuildFile; fileRef = E1DF40C52B839E9400D562EC /* LinguaProjectService.swift */; };
		E1DF40D02B839E9400D562EC /* LinguaCatalogService.swift in Sources */ = {isa = PBXBuildFile; fileRef = E1DF40C62B839E9400D562EC /* LinguaCatalogService.swift */; };
		E1DF40D12B839E9400D562EC /* LinguaTranslationService.swift in Sources */ = {isa = PBXBuildFile; fileRef = E1DF40C72B839E9400D562EC /* LinguaTranslationService.swift */; };
		E1DF40D22B839E9400D562EC /* LinguaExpressionService.swift in Sources */ = {isa = PBXBuildFile; fileRef = E1DF40C82B839E9400D562EC /* LinguaExpressionService.swift */; };
		E1DF40D32B839E9400D562EC /* CatalogService.swift in Sources */ = {isa = PBXBuildFile; fileRef = E1DF40CA2B839E9400D562EC /* CatalogService.swift */; };
		E1DF40D42B839E9400D562EC /* ProjectService.swift in Sources */ = {isa = PBXBuildFile; fileRef = E1DF40CB2B839E9400D562EC /* ProjectService.swift */; };
		E1DF40D52B839E9400D562EC /* ExpressionService.swift in Sources */ = {isa = PBXBuildFile; fileRef = E1DF40CC2B839E9400D562EC /* ExpressionService.swift */; };
		E1DF40D62B839E9400D562EC /* TranslationService.swift in Sources */ = {isa = PBXBuildFile; fileRef = E1DF40CD2B839E9400D562EC /* TranslationService.swift */; };
		E1DF40DD2B839E9C00D562EC /* ContentMode.swift in Sources */ = {isa = PBXBuildFile; fileRef = E1DF40D72B839E9C00D562EC /* ContentMode.swift */; };
		E1DF40DE2B839E9C00D562EC /* PersistedStorage.swift in Sources */ = {isa = PBXBuildFile; fileRef = E1DF40D82B839E9C00D562EC /* PersistedStorage.swift */; };
		E1DF40DF2B839E9C00D562EC /* StorageMode.swift in Sources */ = {isa = PBXBuildFile; fileRef = E1DF40D92B839E9C00D562EC /* StorageMode.swift */; };
		E1DF40E02B839E9C00D562EC /* LinguaError.swift in Sources */ = {isa = PBXBuildFile; fileRef = E1DF40DA2B839E9C00D562EC /* LinguaError.swift */; };
		E1DF40E12B839E9C00D562EC /* Dependencies.swift in Sources */ = {isa = PBXBuildFile; fileRef = E1DF40DB2B839E9C00D562EC /* Dependencies.swift */; };
		E1DF40E22B839E9C00D562EC /* Persisted.swift in Sources */ = {isa = PBXBuildFile; fileRef = E1DF40DC2B839E9C00D562EC /* Persisted.swift */; };
		E1DF40EA2B839EA300D562EC /* RegionCode+Lingua.swift in Sources */ = {isa = PBXBuildFile; fileRef = E1DF40E32B839EA300D562EC /* RegionCode+Lingua.swift */; };
		E1DF40EB2B839EA300D562EC /* Expression+Lingua.swift in Sources */ = {isa = PBXBuildFile; fileRef = E1DF40E42B839EA300D562EC /* Expression+Lingua.swift */; };
		E1DF40EC2B839EA300D562EC /* View+DeviceEnvironment.swift in Sources */ = {isa = PBXBuildFile; fileRef = E1DF40E52B839EA300D562EC /* View+DeviceEnvironment.swift */; };
		E1DF40ED2B839EA300D562EC /* Translation+Lingua.swift in Sources */ = {isa = PBXBuildFile; fileRef = E1DF40E62B839EA300D562EC /* Translation+Lingua.swift */; };
		E1DF40EE2B839EA300D562EC /* LanguageCode+Lingua.swift in Sources */ = {isa = PBXBuildFile; fileRef = E1DF40E72B839EA300D562EC /* LanguageCode+Lingua.swift */; };
		E1DF40EF2B839EA300D562EC /* CatalogError+Lingua.swift in Sources */ = {isa = PBXBuildFile; fileRef = E1DF40E82B839EA300D562EC /* CatalogError+Lingua.swift */; };
		E1DF40F02B839EA300D562EC /* ScriptCode+Lingua.swift in Sources */ = {isa = PBXBuildFile; fileRef = E1DF40E92B839EA300D562EC /* ScriptCode+Lingua.swift */; };
		E1DF40F32B83A37A00D562EC /* EmulatedCatalogService.swift in Sources */ = {isa = PBXBuildFile; fileRef = E1DF40F22B83A37A00D562EC /* EmulatedCatalogService.swift */; };
		E1DF40F62B83D9F900D562EC /* TelemetryClient in Frameworks */ = {isa = PBXBuildFile; productRef = E1DF40F52B83D9F900D562EC /* TelemetryClient */; };
/* End PBXBuildFile section */

/* Begin PBXContainerItemProxy section */
		E1DF406F2B839BB300D562EC /* PBXContainerItemProxy */ = {
			isa = PBXContainerItemProxy;
			containerPortal = E1DF40552B839BB200D562EC /* Project object */;
			proxyType = 1;
			remoteGlobalIDString = E1DF405C2B839BB200D562EC;
			remoteInfo = Lingua;
		};
		E1DF40792B839BB300D562EC /* PBXContainerItemProxy */ = {
			isa = PBXContainerItemProxy;
			containerPortal = E1DF40552B839BB200D562EC /* Project object */;
			proxyType = 1;
			remoteGlobalIDString = E1DF405C2B839BB200D562EC;
			remoteInfo = Lingua;
		};
/* End PBXContainerItemProxy section */

/* Begin PBXFileReference section */
		E1DF405D2B839BB200D562EC /* Lingua.app */ = {isa = PBXFileReference; explicitFileType = wrapper.application; includeInIndex = 0; path = Lingua.app; sourceTree = BUILT_PRODUCTS_DIR; };
		E1DF40602B839BB200D562EC /* LinguaApp.swift */ = {isa = PBXFileReference; lastKnownFileType = sourcecode.swift; path = LinguaApp.swift; sourceTree = "<group>"; };
		E1DF40642B839BB300D562EC /* Assets.xcassets */ = {isa = PBXFileReference; lastKnownFileType = folder.assetcatalog; path = Assets.xcassets; sourceTree = "<group>"; };
		E1DF40662B839BB300D562EC /* Lingua.entitlements */ = {isa = PBXFileReference; lastKnownFileType = text.plist.entitlements; path = Lingua.entitlements; sourceTree = "<group>"; };
		E1DF406E2B839BB300D562EC /* LinguaTests.xctest */ = {isa = PBXFileReference; explicitFileType = wrapper.cfbundle; includeInIndex = 0; path = LinguaTests.xctest; sourceTree = BUILT_PRODUCTS_DIR; };
		E1DF40722B839BB300D562EC /* LinguaTests.swift */ = {isa = PBXFileReference; lastKnownFileType = sourcecode.swift; path = LinguaTests.swift; sourceTree = "<group>"; };
		E1DF40782B839BB300D562EC /* LinguaUITests.xctest */ = {isa = PBXFileReference; explicitFileType = wrapper.cfbundle; includeInIndex = 0; path = LinguaUITests.xctest; sourceTree = BUILT_PRODUCTS_DIR; };
		E1DF407C2B839BB300D562EC /* LinguaUITests.swift */ = {isa = PBXFileReference; lastKnownFileType = sourcecode.swift; path = LinguaUITests.swift; sourceTree = "<group>"; };
		E1DF407E2B839BB300D562EC /* LinguaUITestsLaunchTests.swift */ = {isa = PBXFileReference; lastKnownFileType = sourcecode.swift; path = LinguaUITestsLaunchTests.swift; sourceTree = "<group>"; };
		E1DF409A2B839E8100D562EC /* CreateProjectView.swift */ = {isa = PBXFileReference; fileEncoding = 4; lastKnownFileType = sourcecode.swift; path = CreateProjectView.swift; sourceTree = "<group>"; };
		E1DF409B2B839E8100D562EC /* TranslationsView.swift */ = {isa = PBXFileReference; fileEncoding = 4; lastKnownFileType = sourcecode.swift; path = TranslationsView.swift; sourceTree = "<group>"; };
		E1DF409C2B839E8100D562EC /* TranslationView.swift */ = {isa = PBXFileReference; fileEncoding = 4; lastKnownFileType = sourcecode.swift; path = TranslationView.swift; sourceTree = "<group>"; };
		E1DF409D2B839E8100D562EC /* StorageSelectorView.swift */ = {isa = PBXFileReference; fileEncoding = 4; lastKnownFileType = sourcecode.swift; path = StorageSelectorView.swift; sourceTree = "<group>"; };
		E1DF409E2B839E8100D562EC /* CreateExpressionView.swift */ = {isa = PBXFileReference; fileEncoding = 4; lastKnownFileType = sourcecode.swift; path = CreateExpressionView.swift; sourceTree = "<group>"; };
		E1DF409F2B839E8100D562EC /* NoSelectedExpressionView.swift */ = {isa = PBXFileReference; fileEncoding = 4; lastKnownFileType = sourcecode.swift; path = NoSelectedExpressionView.swift; sourceTree = "<group>"; };
		E1DF40A12B839E8100D562EC /* ExpressionNavigator.swift */ = {isa = PBXFileReference; fileEncoding = 4; lastKnownFileType = sourcecode.swift; path = ExpressionNavigator.swift; sourceTree = "<group>"; };
		E1DF40A22B839E8100D562EC /* CatalogCommands.swift */ = {isa = PBXFileReference; fileEncoding = 4; lastKnownFileType = sourcecode.swift; path = CatalogCommands.swift; sourceTree = "<group>"; };
		E1DF40A32B839E8100D562EC /* TranslationNavigator.swift */ = {isa = PBXFileReference; fileEncoding = 4; lastKnownFileType = sourcecode.swift; path = TranslationNavigator.swift; sourceTree = "<group>"; };
		E1DF40A42B839E8100D562EC /* MainWindow.swift */ = {isa = PBXFileReference; fileEncoding = 4; lastKnownFileType = sourcecode.swift; path = MainWindow.swift; sourceTree = "<group>"; };
		E1DF40A52B839E8100D562EC /* ProjectNavigator.swift */ = {isa = PBXFileReference; fileEncoding = 4; lastKnownFileType = sourcecode.swift; path = ProjectNavigator.swift; sourceTree = "<group>"; };
		E1DF40A62B839E8100D562EC /* FolderPickerView.swift */ = {isa = PBXFileReference; fileEncoding = 4; lastKnownFileType = sourcecode.swift; path = FolderPickerView.swift; sourceTree = "<group>"; };
		E1DF40A72B839E8100D562EC /* EditTranslationView.swift */ = {isa = PBXFileReference; fileEncoding = 4; lastKnownFileType = sourcecode.swift; path = EditTranslationView.swift; sourceTree = "<group>"; };
		E1DF40A82B839E8100D562EC /* ListedExpressionView.swift */ = {isa = PBXFileReference; fileEncoding = 4; lastKnownFileType = sourcecode.swift; path = ListedExpressionView.swift; sourceTree = "<group>"; };
		E1DF40A92B839E8100D562EC /* ExpressionView.swift */ = {isa = PBXFileReference; fileEncoding = 4; lastKnownFileType = sourcecode.swift; path = ExpressionView.swift; sourceTree = "<group>"; };
		E1DF40AA2B839E8100D562EC /* ExportExpressionsView.swift */ = {isa = PBXFileReference; fileEncoding = 4; lastKnownFileType = sourcecode.swift; path = ExportExpressionsView.swift; sourceTree = "<group>"; };
		E1DF40AB2B839E8100D562EC /* ExpressionFieldView.swift */ = {isa = PBXFileReference; fileEncoding = 4; lastKnownFileType = sourcecode.swift; path = ExpressionFieldView.swift; sourceTree = "<group>"; };
		E1DF40BD2B839E8D00D562EC /* TranslationNavigatorViewModel.swift */ = {isa = PBXFileReference; fileEncoding = 4; lastKnownFileType = sourcecode.swift; path = TranslationNavigatorViewModel.swift; sourceTree = "<group>"; };
		E1DF40BE2B839E8D00D562EC /* ExpressionNavigatorViewModel.swift */ = {isa = PBXFileReference; fileEncoding = 4; lastKnownFileType = sourcecode.swift; path = ExpressionNavigatorViewModel.swift; sourceTree = "<group>"; };
		E1DF40BF2B839E8D00D562EC /* ProjectNavigatorViewModel.swift */ = {isa = PBXFileReference; fileEncoding = 4; lastKnownFileType = sourcecode.swift; path = ProjectNavigatorViewModel.swift; sourceTree = "<group>"; };
		E1DF40C42B839E9400D562EC /* EmulatedExpressionService.swift */ = {isa = PBXFileReference; fileEncoding = 4; lastKnownFileType = sourcecode.swift; path = EmulatedExpressionService.swift; sourceTree = "<group>"; };
		E1DF40C52B839E9400D562EC /* LinguaProjectService.swift */ = {isa = PBXFileReference; fileEncoding = 4; lastKnownFileType = sourcecode.swift; path = LinguaProjectService.swift; sourceTree = "<group>"; };
		E1DF40C62B839E9400D562EC /* LinguaCatalogService.swift */ = {isa = PBXFileReference; fileEncoding = 4; lastKnownFileType = sourcecode.swift; path = LinguaCatalogService.swift; sourceTree = "<group>"; };
		E1DF40C72B839E9400D562EC /* LinguaTranslationService.swift */ = {isa = PBXFileReference; fileEncoding = 4; lastKnownFileType = sourcecode.swift; path = LinguaTranslationService.swift; sourceTree = "<group>"; };
		E1DF40C82B839E9400D562EC /* LinguaExpressionService.swift */ = {isa = PBXFileReference; fileEncoding = 4; lastKnownFileType = sourcecode.swift; path = LinguaExpressionService.swift; sourceTree = "<group>"; };
		E1DF40CA2B839E9400D562EC /* CatalogService.swift */ = {isa = PBXFileReference; fileEncoding = 4; lastKnownFileType = sourcecode.swift; path = CatalogService.swift; sourceTree = "<group>"; };
		E1DF40CB2B839E9400D562EC /* ProjectService.swift */ = {isa = PBXFileReference; fileEncoding = 4; lastKnownFileType = sourcecode.swift; path = ProjectService.swift; sourceTree = "<group>"; };
		E1DF40CC2B839E9400D562EC /* ExpressionService.swift */ = {isa = PBXFileReference; fileEncoding = 4; lastKnownFileType = sourcecode.swift; path = ExpressionService.swift; sourceTree = "<group>"; };
		E1DF40CD2B839E9400D562EC /* TranslationService.swift */ = {isa = PBXFileReference; fileEncoding = 4; lastKnownFileType = sourcecode.swift; path = TranslationService.swift; sourceTree = "<group>"; };
		E1DF40D72B839E9C00D562EC /* ContentMode.swift */ = {isa = PBXFileReference; fileEncoding = 4; lastKnownFileType = sourcecode.swift; path = ContentMode.swift; sourceTree = "<group>"; };
		E1DF40D82B839E9C00D562EC /* PersistedStorage.swift */ = {isa = PBXFileReference; fileEncoding = 4; lastKnownFileType = sourcecode.swift; path = PersistedStorage.swift; sourceTree = "<group>"; };
		E1DF40D92B839E9C00D562EC /* StorageMode.swift */ = {isa = PBXFileReference; fileEncoding = 4; lastKnownFileType = sourcecode.swift; path = StorageMode.swift; sourceTree = "<group>"; };
		E1DF40DA2B839E9C00D562EC /* LinguaError.swift */ = {isa = PBXFileReference; fileEncoding = 4; lastKnownFileType = sourcecode.swift; path = LinguaError.swift; sourceTree = "<group>"; };
		E1DF40DB2B839E9C00D562EC /* Dependencies.swift */ = {isa = PBXFileReference; fileEncoding = 4; lastKnownFileType = sourcecode.swift; path = Dependencies.swift; sourceTree = "<group>"; };
		E1DF40DC2B839E9C00D562EC /* Persisted.swift */ = {isa = PBXFileReference; fileEncoding = 4; lastKnownFileType = sourcecode.swift; path = Persisted.swift; sourceTree = "<group>"; };
		E1DF40E32B839EA300D562EC /* RegionCode+Lingua.swift */ = {isa = PBXFileReference; fileEncoding = 4; lastKnownFileType = sourcecode.swift; path = "RegionCode+Lingua.swift"; sourceTree = "<group>"; };
		E1DF40E42B839EA300D562EC /* Expression+Lingua.swift */ = {isa = PBXFileReference; fileEncoding = 4; lastKnownFileType = sourcecode.swift; path = "Expression+Lingua.swift"; sourceTree = "<group>"; };
		E1DF40E52B839EA300D562EC /* View+DeviceEnvironment.swift */ = {isa = PBXFileReference; fileEncoding = 4; lastKnownFileType = sourcecode.swift; path = "View+DeviceEnvironment.swift"; sourceTree = "<group>"; };
		E1DF40E62B839EA300D562EC /* Translation+Lingua.swift */ = {isa = PBXFileReference; fileEncoding = 4; lastKnownFileType = sourcecode.swift; path = "Translation+Lingua.swift"; sourceTree = "<group>"; };
		E1DF40E72B839EA300D562EC /* LanguageCode+Lingua.swift */ = {isa = PBXFileReference; fileEncoding = 4; lastKnownFileType = sourcecode.swift; path = "LanguageCode+Lingua.swift"; sourceTree = "<group>"; };
		E1DF40E82B839EA300D562EC /* CatalogError+Lingua.swift */ = {isa = PBXFileReference; fileEncoding = 4; lastKnownFileType = sourcecode.swift; path = "CatalogError+Lingua.swift"; sourceTree = "<group>"; };
		E1DF40E92B839EA300D562EC /* ScriptCode+Lingua.swift */ = {isa = PBXFileReference; fileEncoding = 4; lastKnownFileType = sourcecode.swift; path = "ScriptCode+Lingua.swift"; sourceTree = "<group>"; };
		E1DF40F22B83A37A00D562EC /* EmulatedCatalogService.swift */ = {isa = PBXFileReference; lastKnownFileType = sourcecode.swift; path = EmulatedCatalogService.swift; sourceTree = "<group>"; };
		E1DF40F72B83DB4500D562EC /* Info.plist */ = {isa = PBXFileReference; lastKnownFileType = text.plist; path = Info.plist; sourceTree = "<group>"; };
/* End PBXFileReference section */

/* Begin PBXFrameworksBuildPhase section */
		E1DF405A2B839BB200D562EC /* Frameworks */ = {
			isa = PBXFrameworksBuildPhase;
			buildActionMask = 2147483647;
			files = (
				E1DF40992B839DC200D562EC /* Occurrence in Frameworks */,
				E1DF40F62B83D9F900D562EC /* TelemetryClient in Frameworks */,
				E1DF40962B839DA700D562EC /* TranslationCatalog in Frameworks */,
				E1DF40932B839D7700D562EC /* Infuse in Frameworks */,
			);
			runOnlyForDeploymentPostprocessing = 0;
		};
		E1DF406B2B839BB300D562EC /* Frameworks */ = {
			isa = PBXFrameworksBuildPhase;
			buildActionMask = 2147483647;
			files = (
			);
			runOnlyForDeploymentPostprocessing = 0;
		};
		E1DF40752B839BB300D562EC /* Frameworks */ = {
			isa = PBXFrameworksBuildPhase;
			buildActionMask = 2147483647;
			files = (
			);
			runOnlyForDeploymentPostprocessing = 0;
		};
/* End PBXFrameworksBuildPhase section */

/* Begin PBXGroup section */
		E1DF40542B839BB200D562EC = {
			isa = PBXGroup;
			children = (
				E1DF405F2B839BB200D562EC /* Lingua */,
				E1DF40712B839BB300D562EC /* LinguaTests */,
				E1DF407B2B839BB300D562EC /* LinguaUITests */,
				E1DF405E2B839BB200D562EC /* Products */,
			);
			sourceTree = "<group>";
		};
		E1DF405E2B839BB200D562EC /* Products */ = {
			isa = PBXGroup;
			children = (
				E1DF405D2B839BB200D562EC /* Lingua.app */,
				E1DF406E2B839BB300D562EC /* LinguaTests.xctest */,
				E1DF40782B839BB300D562EC /* LinguaUITests.xctest */,
			);
			name = Products;
			sourceTree = "<group>";
		};
		E1DF405F2B839BB200D562EC /* Lingua */ = {
			isa = PBXGroup;
			children = (
				E1DF408D2B839C5F00D562EC /* Application */,
				E1DF408B2B839BFD00D562EC /* Extensions */,
				E1DF408C2B839C0400D562EC /* Models */,
				E1DF408F2B839C9B00D562EC /* Services */,
				E1DF40902B839CA300D562EC /* ViewModels */,
				E1DF408E2B839C8C00D562EC /* Views */,
			);
			path = Lingua;
			sourceTree = "<group>";
		};
		E1DF40712B839BB300D562EC /* LinguaTests */ = {
			isa = PBXGroup;
			children = (
				E1DF40722B839BB300D562EC /* LinguaTests.swift */,
			);
			path = LinguaTests;
			sourceTree = "<group>";
		};
		E1DF407B2B839BB300D562EC /* LinguaUITests */ = {
			isa = PBXGroup;
			children = (
				E1DF407C2B839BB300D562EC /* LinguaUITests.swift */,
				E1DF407E2B839BB300D562EC /* LinguaUITestsLaunchTests.swift */,
			);
			path = LinguaUITests;
			sourceTree = "<group>";
		};
		E1DF408B2B839BFD00D562EC /* Extensions */ = {
			isa = PBXGroup;
			children = (
				E1DF40E82B839EA300D562EC /* CatalogError+Lingua.swift */,
				E1DF40E42B839EA300D562EC /* Expression+Lingua.swift */,
				E1DF40E72B839EA300D562EC /* LanguageCode+Lingua.swift */,
				E1DF40E32B839EA300D562EC /* RegionCode+Lingua.swift */,
				E1DF40E92B839EA300D562EC /* ScriptCode+Lingua.swift */,
				E1DF40E62B839EA300D562EC /* Translation+Lingua.swift */,
				E1DF40E52B839EA300D562EC /* View+DeviceEnvironment.swift */,
			);
			path = Extensions;
			sourceTree = "<group>";
		};
		E1DF408C2B839C0400D562EC /* Models */ = {
			isa = PBXGroup;
			children = (
				E1DF40D72B839E9C00D562EC /* ContentMode.swift */,
				E1DF40DB2B839E9C00D562EC /* Dependencies.swift */,
				E1DF40DA2B839E9C00D562EC /* LinguaError.swift */,
				E1DF40DC2B839E9C00D562EC /* Persisted.swift */,
				E1DF40D82B839E9C00D562EC /* PersistedStorage.swift */,
				E1DF40D92B839E9C00D562EC /* StorageMode.swift */,
			);
			path = Models;
			sourceTree = "<group>";
		};
		E1DF408D2B839C5F00D562EC /* Application */ = {
			isa = PBXGroup;
			children = (
				E1DF40642B839BB300D562EC /* Assets.xcassets */,
				E1DF40F72B83DB4500D562EC /* Info.plist */,
				E1DF40662B839BB300D562EC /* Lingua.entitlements */,
				E1DF40602B839BB200D562EC /* LinguaApp.swift */,
			);
			name = Application;
			sourceTree = "<group>";
		};
		E1DF408E2B839C8C00D562EC /* Views */ = {
			isa = PBXGroup;
			children = (
				E1DF409E2B839E8100D562EC /* CreateExpressionView.swift */,
				E1DF409A2B839E8100D562EC /* CreateProjectView.swift */,
				E1DF40A72B839E8100D562EC /* EditTranslationView.swift */,
				E1DF40AA2B839E8100D562EC /* ExportExpressionsView.swift */,
				E1DF40AB2B839E8100D562EC /* ExpressionFieldView.swift */,
				E1DF40A92B839E8100D562EC /* ExpressionView.swift */,
				E1DF40A62B839E8100D562EC /* FolderPickerView.swift */,
				E1DF40A82B839E8100D562EC /* ListedExpressionView.swift */,
				E1DF40A02B839E8100D562EC /* Navigation */,
				E1DF409F2B839E8100D562EC /* NoSelectedExpressionView.swift */,
				E1DF409D2B839E8100D562EC /* StorageSelectorView.swift */,
				E1DF409B2B839E8100D562EC /* TranslationsView.swift */,
				E1DF409C2B839E8100D562EC /* TranslationView.swift */,
			);
			path = Views;
			sourceTree = "<group>";
		};
		E1DF408F2B839C9B00D562EC /* Services */ = {
			isa = PBXGroup;
			children = (
				E1DF40C32B839E9400D562EC /* Implementations */,
				E1DF40F12B83A0EA00D562EC /* Mocks */,
				E1DF40C92B839E9400D562EC /* Protocols */,
			);
			path = Services;
			sourceTree = "<group>";
		};
		E1DF40902B839CA300D562EC /* ViewModels */ = {
			isa = PBXGroup;
			children = (
				E1DF40BE2B839E8D00D562EC /* ExpressionNavigatorViewModel.swift */,
				E1DF40BF2B839E8D00D562EC /* ProjectNavigatorViewModel.swift */,
				E1DF40BD2B839E8D00D562EC /* TranslationNavigatorViewModel.swift */,
			);
			path = ViewModels;
			sourceTree = "<group>";
		};
		E1DF40A02B839E8100D562EC /* Navigation */ = {
			isa = PBXGroup;
			children = (
				E1DF40A12B839E8100D562EC /* ExpressionNavigator.swift */,
				E1DF40A22B839E8100D562EC /* CatalogCommands.swift */,
				E1DF40A32B839E8100D562EC /* TranslationNavigator.swift */,
				E1DF40A42B839E8100D562EC /* MainWindow.swift */,
				E1DF40A52B839E8100D562EC /* ProjectNavigator.swift */,
			);
			path = Navigation;
			sourceTree = "<group>";
		};
		E1DF40C32B839E9400D562EC /* Implementations */ = {
			isa = PBXGroup;
			children = (
				E1DF40C52B839E9400D562EC /* LinguaProjectService.swift */,
				E1DF40C62B839E9400D562EC /* LinguaCatalogService.swift */,
				E1DF40C72B839E9400D562EC /* LinguaTranslationService.swift */,
				E1DF40C82B839E9400D562EC /* LinguaExpressionService.swift */,
			);
			path = Implementations;
			sourceTree = "<group>";
		};
		E1DF40C92B839E9400D562EC /* Protocols */ = {
			isa = PBXGroup;
			children = (
				E1DF40CA2B839E9400D562EC /* CatalogService.swift */,
				E1DF40CB2B839E9400D562EC /* ProjectService.swift */,
				E1DF40CC2B839E9400D562EC /* ExpressionService.swift */,
				E1DF40CD2B839E9400D562EC /* TranslationService.swift */,
			);
			path = Protocols;
			sourceTree = "<group>";
		};
		E1DF40F12B83A0EA00D562EC /* Mocks */ = {
			isa = PBXGroup;
			children = (
				E1DF40F22B83A37A00D562EC /* EmulatedCatalogService.swift */,
				E1DF40C42B839E9400D562EC /* EmulatedExpressionService.swift */,
			);
			path = Mocks;
			sourceTree = "<group>";
		};
/* End PBXGroup section */

/* Begin PBXNativeTarget section */
		E1DF405C2B839BB200D562EC /* Lingua */ = {
			isa = PBXNativeTarget;
			buildConfigurationList = E1DF40822B839BB300D562EC /* Build configuration list for PBXNativeTarget "Lingua" */;
			buildPhases = (
				E1DF40592B839BB200D562EC /* Sources */,
				E1DF405A2B839BB200D562EC /* Frameworks */,
				E1DF405B2B839BB200D562EC /* Resources */,
			);
			buildRules = (
			);
			dependencies = (
			);
			name = Lingua;
			packageProductDependencies = (
				E1DF40922B839D7700D562EC /* Infuse */,
				E1DF40952B839DA700D562EC /* TranslationCatalog */,
				E1DF40982B839DC200D562EC /* Occurrence */,
				E1DF40F52B83D9F900D562EC /* TelemetryClient */,
			);
			productName = Lingua;
			productReference = E1DF405D2B839BB200D562EC /* Lingua.app */;
			productType = "com.apple.product-type.application";
		};
		E1DF406D2B839BB300D562EC /* LinguaTests */ = {
			isa = PBXNativeTarget;
			buildConfigurationList = E1DF40852B839BB300D562EC /* Build configuration list for PBXNativeTarget "LinguaTests" */;
			buildPhases = (
				E1DF406A2B839BB300D562EC /* Sources */,
				E1DF406B2B839BB300D562EC /* Frameworks */,
				E1DF406C2B839BB300D562EC /* Resources */,
			);
			buildRules = (
			);
			dependencies = (
				E1DF40702B839BB300D562EC /* PBXTargetDependency */,
			);
			name = LinguaTests;
			productName = LinguaTests;
			productReference = E1DF406E2B839BB300D562EC /* LinguaTests.xctest */;
			productType = "com.apple.product-type.bundle.unit-test";
		};
		E1DF40772B839BB300D562EC /* LinguaUITests */ = {
			isa = PBXNativeTarget;
			buildConfigurationList = E1DF40882B839BB300D562EC /* Build configuration list for PBXNativeTarget "LinguaUITests" */;
			buildPhases = (
				E1DF40742B839BB300D562EC /* Sources */,
				E1DF40752B839BB300D562EC /* Frameworks */,
				E1DF40762B839BB300D562EC /* Resources */,
			);
			buildRules = (
			);
			dependencies = (
				E1DF407A2B839BB300D562EC /* PBXTargetDependency */,
			);
			name = LinguaUITests;
			productName = LinguaUITests;
			productReference = E1DF40782B839BB300D562EC /* LinguaUITests.xctest */;
			productType = "com.apple.product-type.bundle.ui-testing";
		};
/* End PBXNativeTarget section */

/* Begin PBXProject section */
		E1DF40552B839BB200D562EC /* Project object */ = {
			isa = PBXProject;
			attributes = {
				BuildIndependentTargetsInParallel = 1;
				LastSwiftUpdateCheck = 1520;
				LastUpgradeCheck = 1520;
				TargetAttributes = {
					E1DF405C2B839BB200D562EC = {
						CreatedOnToolsVersion = 15.2;
					};
					E1DF406D2B839BB300D562EC = {
						CreatedOnToolsVersion = 15.2;
						TestTargetID = E1DF405C2B839BB200D562EC;
					};
					E1DF40772B839BB300D562EC = {
						CreatedOnToolsVersion = 15.2;
						TestTargetID = E1DF405C2B839BB200D562EC;
					};
				};
			};
			buildConfigurationList = E1DF40582B839BB200D562EC /* Build configuration list for PBXProject "Lingua" */;
			compatibilityVersion = "Xcode 14.0";
			developmentRegion = en;
			hasScannedForEncodings = 0;
			knownRegions = (
				en,
				Base,
			);
			mainGroup = E1DF40542B839BB200D562EC;
			packageReferences = (
				E1DF40912B839D7700D562EC /* XCRemoteSwiftPackageReference "Infuse" */,
				E1DF40942B839DA700D562EC /* XCRemoteSwiftPackageReference "TranslationCatalog" */,
				E1DF40972B839DC200D562EC /* XCRemoteSwiftPackageReference "Occurrence" */,
				E1DF40F42B83D9F900D562EC /* XCRemoteSwiftPackageReference "SwiftClient" */,
			);
			productRefGroup = E1DF405E2B839BB200D562EC /* Products */;
			projectDirPath = "";
			projectRoot = "";
			targets = (
				E1DF405C2B839BB200D562EC /* Lingua */,
				E1DF406D2B839BB300D562EC /* LinguaTests */,
				E1DF40772B839BB300D562EC /* LinguaUITests */,
			);
		};
/* End PBXProject section */

/* Begin PBXResourcesBuildPhase section */
		E1DF405B2B839BB200D562EC /* Resources */ = {
			isa = PBXResourcesBuildPhase;
			buildActionMask = 2147483647;
			files = (
				E1DF40652B839BB300D562EC /* Assets.xcassets in Resources */,
			);
			runOnlyForDeploymentPostprocessing = 0;
		};
		E1DF406C2B839BB300D562EC /* Resources */ = {
			isa = PBXResourcesBuildPhase;
			buildActionMask = 2147483647;
			files = (
			);
			runOnlyForDeploymentPostprocessing = 0;
		};
		E1DF40762B839BB300D562EC /* Resources */ = {
			isa = PBXResourcesBuildPhase;
			buildActionMask = 2147483647;
			files = (
			);
			runOnlyForDeploymentPostprocessing = 0;
		};
/* End PBXResourcesBuildPhase section */

/* Begin PBXSourcesBuildPhase section */
		E1DF40592B839BB200D562EC /* Sources */ = {
			isa = PBXSourcesBuildPhase;
			buildActionMask = 2147483647;
			files = (
				E1DF40EA2B839EA300D562EC /* RegionCode+Lingua.swift in Sources */,
				E1DF40C02B839E8D00D562EC /* TranslationNavigatorViewModel.swift in Sources */,
				E1DF40B02B839E8100D562EC /* CreateExpressionView.swift in Sources */,
				E1DF40C12B839E8D00D562EC /* ExpressionNavigatorViewModel.swift in Sources */,
				E1DF40F32B83A37A00D562EC /* EmulatedCatalogService.swift in Sources */,
				E1DF40AC2B839E8100D562EC /* CreateProjectView.swift in Sources */,
				E1DF40D02B839E9400D562EC /* LinguaCatalogService.swift in Sources */,
				E1DF40B72B839E8100D562EC /* FolderPickerView.swift in Sources */,
				E1DF40D62B839E9400D562EC /* TranslationService.swift in Sources */,
				E1DF40CF2B839E9400D562EC /* LinguaProjectService.swift in Sources */,
				E1DF40B42B839E8100D562EC /* TranslationNavigator.swift in Sources */,
				E1DF40CE2B839E9400D562EC /* EmulatedExpressionService.swift in Sources */,
				E1DF40EF2B839EA300D562EC /* CatalogError+Lingua.swift in Sources */,
				E1DF40B12B839E8100D562EC /* NoSelectedExpressionView.swift in Sources */,
				E1DF40B92B839E8100D562EC /* ListedExpressionView.swift in Sources */,
				E1DF40E12B839E9C00D562EC /* Dependencies.swift in Sources */,
				E1DF40DD2B839E9C00D562EC /* ContentMode.swift in Sources */,
				E1DF40B62B839E8100D562EC /* ProjectNavigator.swift in Sources */,
				E1DF40EE2B839EA300D562EC /* LanguageCode+Lingua.swift in Sources */,
				E1DF40B52B839E8100D562EC /* MainWindow.swift in Sources */,
				E1DF40BB2B839E8100D562EC /* ExportExpressionsView.swift in Sources */,
				E1DF40EC2B839EA300D562EC /* View+DeviceEnvironment.swift in Sources */,
				E1DF40AE2B839E8100D562EC /* TranslationView.swift in Sources */,
				E1DF40BC2B839E8100D562EC /* ExpressionFieldView.swift in Sources */,
				E1DF40BA2B839E8100D562EC /* ExpressionView.swift in Sources */,
				E1DF40ED2B839EA300D562EC /* Translation+Lingua.swift in Sources */,
				E1DF40B22B839E8100D562EC /* ExpressionNavigator.swift in Sources */,
				E1DF40D32B839E9400D562EC /* CatalogService.swift in Sources */,
				E1DF40E02B839E9C00D562EC /* LinguaError.swift in Sources */,
				E1DF40C22B839E8D00D562EC /* ProjectNavigatorViewModel.swift in Sources */,
				E1DF40AF2B839E8100D562EC /* StorageSelectorView.swift in Sources */,
				E1DF40AD2B839E8100D562EC /* TranslationsView.swift in Sources */,
				E1DF40612B839BB200D562EC /* LinguaApp.swift in Sources */,
				E1DF40F02B839EA300D562EC /* ScriptCode+Lingua.swift in Sources */,
				E1DF40EB2B839EA300D562EC /* Expression+Lingua.swift in Sources */,
				E1DF40D12B839E9400D562EC /* LinguaTranslationService.swift in Sources */,
				E1DF40D42B839E9400D562EC /* ProjectService.swift in Sources */,
				E1DF40B32B839E8100D562EC /* CatalogCommands.swift in Sources */,
				E1DF40E22B839E9C00D562EC /* Persisted.swift in Sources */,
				E1DF40DE2B839E9C00D562EC /* PersistedStorage.swift in Sources */,
				E1DF40DF2B839E9C00D562EC /* StorageMode.swift in Sources */,
				E1DF40B82B839E8100D562EC /* EditTranslationView.swift in Sources */,
				E1DF40D22B839E9400D562EC /* LinguaExpressionService.swift in Sources */,
				E1DF40D52B839E9400D562EC /* ExpressionService.swift in Sources */,
			);
			runOnlyForDeploymentPostprocessing = 0;
		};
		E1DF406A2B839BB300D562EC /* Sources */ = {
			isa = PBXSourcesBuildPhase;
			buildActionMask = 2147483647;
			files = (
				E1DF40732B839BB300D562EC /* LinguaTests.swift in Sources */,
			);
			runOnlyForDeploymentPostprocessing = 0;
		};
		E1DF40742B839BB300D562EC /* Sources */ = {
			isa = PBXSourcesBuildPhase;
			buildActionMask = 2147483647;
			files = (
				E1DF407F2B839BB300D562EC /* LinguaUITestsLaunchTests.swift in Sources */,
				E1DF407D2B839BB300D562EC /* LinguaUITests.swift in Sources */,
			);
			runOnlyForDeploymentPostprocessing = 0;
		};
/* End PBXSourcesBuildPhase section */

/* Begin PBXTargetDependency section */
		E1DF40702B839BB300D562EC /* PBXTargetDependency */ = {
			isa = PBXTargetDependency;
			target = E1DF405C2B839BB200D562EC /* Lingua */;
			targetProxy = E1DF406F2B839BB300D562EC /* PBXContainerItemProxy */;
		};
		E1DF407A2B839BB300D562EC /* PBXTargetDependency */ = {
			isa = PBXTargetDependency;
			target = E1DF405C2B839BB200D562EC /* Lingua */;
			targetProxy = E1DF40792B839BB300D562EC /* PBXContainerItemProxy */;
		};
/* End PBXTargetDependency section */

/* Begin XCBuildConfiguration section */
		E1DF40802B839BB300D562EC /* Debug */ = {
			isa = XCBuildConfiguration;
			buildSettings = {
				ALWAYS_SEARCH_USER_PATHS = NO;
				ASSETCATALOG_COMPILER_GENERATE_SWIFT_ASSET_SYMBOL_EXTENSIONS = YES;
				CLANG_ANALYZER_NONNULL = YES;
				CLANG_ANALYZER_NUMBER_OBJECT_CONVERSION = YES_AGGRESSIVE;
				CLANG_CXX_LANGUAGE_STANDARD = "gnu++20";
				CLANG_ENABLE_MODULES = YES;
				CLANG_ENABLE_OBJC_ARC = YES;
				CLANG_ENABLE_OBJC_WEAK = YES;
				CLANG_WARN_BLOCK_CAPTURE_AUTORELEASING = YES;
				CLANG_WARN_BOOL_CONVERSION = YES;
				CLANG_WARN_COMMA = YES;
				CLANG_WARN_CONSTANT_CONVERSION = YES;
				CLANG_WARN_DEPRECATED_OBJC_IMPLEMENTATIONS = YES;
				CLANG_WARN_DIRECT_OBJC_ISA_USAGE = YES_ERROR;
				CLANG_WARN_DOCUMENTATION_COMMENTS = YES;
				CLANG_WARN_EMPTY_BODY = YES;
				CLANG_WARN_ENUM_CONVERSION = YES;
				CLANG_WARN_INFINITE_RECURSION = YES;
				CLANG_WARN_INT_CONVERSION = YES;
				CLANG_WARN_NON_LITERAL_NULL_CONVERSION = YES;
				CLANG_WARN_OBJC_IMPLICIT_RETAIN_SELF = YES;
				CLANG_WARN_OBJC_LITERAL_CONVERSION = YES;
				CLANG_WARN_OBJC_ROOT_CLASS = YES_ERROR;
				CLANG_WARN_QUOTED_INCLUDE_IN_FRAMEWORK_HEADER = YES;
				CLANG_WARN_RANGE_LOOP_ANALYSIS = YES;
				CLANG_WARN_STRICT_PROTOTYPES = YES;
				CLANG_WARN_SUSPICIOUS_MOVE = YES;
				CLANG_WARN_UNGUARDED_AVAILABILITY = YES_AGGRESSIVE;
				CLANG_WARN_UNREACHABLE_CODE = YES;
				CLANG_WARN__DUPLICATE_METHOD_MATCH = YES;
				COPY_PHASE_STRIP = NO;
				DEBUG_INFORMATION_FORMAT = dwarf;
				ENABLE_STRICT_OBJC_MSGSEND = YES;
				ENABLE_TESTABILITY = YES;
				ENABLE_USER_SCRIPT_SANDBOXING = YES;
				GCC_C_LANGUAGE_STANDARD = gnu17;
				GCC_DYNAMIC_NO_PIC = NO;
				GCC_NO_COMMON_BLOCKS = YES;
				GCC_OPTIMIZATION_LEVEL = 0;
				GCC_PREPROCESSOR_DEFINITIONS = (
					"DEBUG=1",
					"$(inherited)",
				);
				GCC_WARN_64_TO_32_BIT_CONVERSION = YES;
				GCC_WARN_ABOUT_RETURN_TYPE = YES_ERROR;
				GCC_WARN_UNDECLARED_SELECTOR = YES;
				GCC_WARN_UNINITIALIZED_AUTOS = YES_AGGRESSIVE;
				GCC_WARN_UNUSED_FUNCTION = YES;
				GCC_WARN_UNUSED_VARIABLE = YES;
				IPHONEOS_DEPLOYMENT_TARGET = 16.0;
				LOCALIZATION_PREFERS_STRING_CATALOGS = YES;
				MACOSX_DEPLOYMENT_TARGET = 13.0;
				MTL_ENABLE_DEBUG_INFO = INCLUDE_SOURCE;
				MTL_FAST_MATH = YES;
				ONLY_ACTIVE_ARCH = YES;
				SWIFT_ACTIVE_COMPILATION_CONDITIONS = "DEBUG $(inherited)";
				SWIFT_OPTIMIZATION_LEVEL = "-Onone";
			};
			name = Debug;
		};
		E1DF40812B839BB300D562EC /* Release */ = {
			isa = XCBuildConfiguration;
			buildSettings = {
				ALWAYS_SEARCH_USER_PATHS = NO;
				ASSETCATALOG_COMPILER_GENERATE_SWIFT_ASSET_SYMBOL_EXTENSIONS = YES;
				CLANG_ANALYZER_NONNULL = YES;
				CLANG_ANALYZER_NUMBER_OBJECT_CONVERSION = YES_AGGRESSIVE;
				CLANG_CXX_LANGUAGE_STANDARD = "gnu++20";
				CLANG_ENABLE_MODULES = YES;
				CLANG_ENABLE_OBJC_ARC = YES;
				CLANG_ENABLE_OBJC_WEAK = YES;
				CLANG_WARN_BLOCK_CAPTURE_AUTORELEASING = YES;
				CLANG_WARN_BOOL_CONVERSION = YES;
				CLANG_WARN_COMMA = YES;
				CLANG_WARN_CONSTANT_CONVERSION = YES;
				CLANG_WARN_DEPRECATED_OBJC_IMPLEMENTATIONS = YES;
				CLANG_WARN_DIRECT_OBJC_ISA_USAGE = YES_ERROR;
				CLANG_WARN_DOCUMENTATION_COMMENTS = YES;
				CLANG_WARN_EMPTY_BODY = YES;
				CLANG_WARN_ENUM_CONVERSION = YES;
				CLANG_WARN_INFINITE_RECURSION = YES;
				CLANG_WARN_INT_CONVERSION = YES;
				CLANG_WARN_NON_LITERAL_NULL_CONVERSION = YES;
				CLANG_WARN_OBJC_IMPLICIT_RETAIN_SELF = YES;
				CLANG_WARN_OBJC_LITERAL_CONVERSION = YES;
				CLANG_WARN_OBJC_ROOT_CLASS = YES_ERROR;
				CLANG_WARN_QUOTED_INCLUDE_IN_FRAMEWORK_HEADER = YES;
				CLANG_WARN_RANGE_LOOP_ANALYSIS = YES;
				CLANG_WARN_STRICT_PROTOTYPES = YES;
				CLANG_WARN_SUSPICIOUS_MOVE = YES;
				CLANG_WARN_UNGUARDED_AVAILABILITY = YES_AGGRESSIVE;
				CLANG_WARN_UNREACHABLE_CODE = YES;
				CLANG_WARN__DUPLICATE_METHOD_MATCH = YES;
				COPY_PHASE_STRIP = NO;
				DEBUG_INFORMATION_FORMAT = "dwarf-with-dsym";
				ENABLE_NS_ASSERTIONS = NO;
				ENABLE_STRICT_OBJC_MSGSEND = YES;
				ENABLE_USER_SCRIPT_SANDBOXING = YES;
				GCC_C_LANGUAGE_STANDARD = gnu17;
				GCC_NO_COMMON_BLOCKS = YES;
				GCC_WARN_64_TO_32_BIT_CONVERSION = YES;
				GCC_WARN_ABOUT_RETURN_TYPE = YES_ERROR;
				GCC_WARN_UNDECLARED_SELECTOR = YES;
				GCC_WARN_UNINITIALIZED_AUTOS = YES_AGGRESSIVE;
				GCC_WARN_UNUSED_FUNCTION = YES;
				GCC_WARN_UNUSED_VARIABLE = YES;
				IPHONEOS_DEPLOYMENT_TARGET = 16.0;
				LOCALIZATION_PREFERS_STRING_CATALOGS = YES;
				MACOSX_DEPLOYMENT_TARGET = 13.0;
				MTL_ENABLE_DEBUG_INFO = NO;
				MTL_FAST_MATH = YES;
				SWIFT_COMPILATION_MODE = wholemodule;
			};
			name = Release;
		};
		E1DF40832B839BB300D562EC /* Debug */ = {
			isa = XCBuildConfiguration;
			buildSettings = {
				ASSETCATALOG_COMPILER_APPICON_NAME = AppIcon;
				ASSETCATALOG_COMPILER_GLOBAL_ACCENT_COLOR_NAME = AccentColor;
				CODE_SIGN_ENTITLEMENTS = Lingua/Lingua.entitlements;
				CODE_SIGN_STYLE = Automatic;
				CURRENT_PROJECT_VERSION = 1;
				DEVELOPMENT_TEAM = EX6YK9HKXA;
				ENABLE_HARDENED_RUNTIME = YES;
				ENABLE_PREVIEWS = YES;
				GENERATE_INFOPLIST_FILE = YES;
				INFOPLIST_FILE = Lingua/Info.plist;
				INFOPLIST_KEY_CFBundleDisplayName = Lingua;
				INFOPLIST_KEY_LSApplicationCategoryType = "public.app-category.developer-tools";
				"INFOPLIST_KEY_UIApplicationSceneManifest_Generation[sdk=iphoneos*]" = YES;
				"INFOPLIST_KEY_UIApplicationSceneManifest_Generation[sdk=iphonesimulator*]" = YES;
				"INFOPLIST_KEY_UIApplicationSupportsIndirectInputEvents[sdk=iphoneos*]" = YES;
				"INFOPLIST_KEY_UIApplicationSupportsIndirectInputEvents[sdk=iphonesimulator*]" = YES;
				"INFOPLIST_KEY_UILaunchScreen_Generation[sdk=iphoneos*]" = YES;
				"INFOPLIST_KEY_UILaunchScreen_Generation[sdk=iphonesimulator*]" = YES;
				"INFOPLIST_KEY_UIStatusBarStyle[sdk=iphoneos*]" = UIStatusBarStyleDefault;
				"INFOPLIST_KEY_UIStatusBarStyle[sdk=iphonesimulator*]" = UIStatusBarStyleDefault;
				INFOPLIST_KEY_UISupportedInterfaceOrientations_iPad = "UIInterfaceOrientationPortrait UIInterfaceOrientationPortraitUpsideDown UIInterfaceOrientationLandscapeLeft UIInterfaceOrientationLandscapeRight";
				INFOPLIST_KEY_UISupportedInterfaceOrientations_iPhone = "UIInterfaceOrientationPortrait UIInterfaceOrientationLandscapeLeft UIInterfaceOrientationLandscapeRight";
				IPHONEOS_DEPLOYMENT_TARGET = 16.0;
				LD_RUNPATH_SEARCH_PATHS = "@executable_path/Frameworks";
				"LD_RUNPATH_SEARCH_PATHS[sdk=macosx*]" = "@executable_path/../Frameworks";
				MACOSX_DEPLOYMENT_TARGET = 13.0;
				MARKETING_VERSION = 1.0;
				PRODUCT_BUNDLE_IDENTIFIER = com.richardpiazza.lingua;
				PRODUCT_NAME = "$(TARGET_NAME)";
				SDKROOT = auto;
				SUPPORTED_PLATFORMS = "iphoneos iphonesimulator macosx";
				SWIFT_EMIT_LOC_STRINGS = YES;
				SWIFT_VERSION = 5.0;
				TARGETED_DEVICE_FAMILY = "1,2";
			};
			name = Debug;
		};
		E1DF40842B839BB300D562EC /* Release */ = {
			isa = XCBuildConfiguration;
			buildSettings = {
				ASSETCATALOG_COMPILER_APPICON_NAME = AppIcon;
				ASSETCATALOG_COMPILER_GLOBAL_ACCENT_COLOR_NAME = AccentColor;
				CODE_SIGN_ENTITLEMENTS = Lingua/Lingua.entitlements;
				CODE_SIGN_STYLE = Automatic;
				CURRENT_PROJECT_VERSION = 1;
				DEVELOPMENT_TEAM = EX6YK9HKXA;
				ENABLE_HARDENED_RUNTIME = YES;
				ENABLE_PREVIEWS = YES;
				GENERATE_INFOPLIST_FILE = YES;
				INFOPLIST_FILE = Lingua/Info.plist;
				INFOPLIST_KEY_CFBundleDisplayName = Lingua;
				INFOPLIST_KEY_LSApplicationCategoryType = "public.app-category.developer-tools";
				"INFOPLIST_KEY_UIApplicationSceneManifest_Generation[sdk=iphoneos*]" = YES;
				"INFOPLIST_KEY_UIApplicationSceneManifest_Generation[sdk=iphonesimulator*]" = YES;
				"INFOPLIST_KEY_UIApplicationSupportsIndirectInputEvents[sdk=iphoneos*]" = YES;
				"INFOPLIST_KEY_UIApplicationSupportsIndirectInputEvents[sdk=iphonesimulator*]" = YES;
				"INFOPLIST_KEY_UILaunchScreen_Generation[sdk=iphoneos*]" = YES;
				"INFOPLIST_KEY_UILaunchScreen_Generation[sdk=iphonesimulator*]" = YES;
				"INFOPLIST_KEY_UIStatusBarStyle[sdk=iphoneos*]" = UIStatusBarStyleDefault;
				"INFOPLIST_KEY_UIStatusBarStyle[sdk=iphonesimulator*]" = UIStatusBarStyleDefault;
				INFOPLIST_KEY_UISupportedInterfaceOrientations_iPad = "UIInterfaceOrientationPortrait UIInterfaceOrientationPortraitUpsideDown UIInterfaceOrientationLandscapeLeft UIInterfaceOrientationLandscapeRight";
				INFOPLIST_KEY_UISupportedInterfaceOrientations_iPhone = "UIInterfaceOrientationPortrait UIInterfaceOrientationLandscapeLeft UIInterfaceOrientationLandscapeRight";
				IPHONEOS_DEPLOYMENT_TARGET = 16.0;
				LD_RUNPATH_SEARCH_PATHS = "@executable_path/Frameworks";
				"LD_RUNPATH_SEARCH_PATHS[sdk=macosx*]" = "@executable_path/../Frameworks";
				MACOSX_DEPLOYMENT_TARGET = 13.0;
				MARKETING_VERSION = 1.0;
				PRODUCT_BUNDLE_IDENTIFIER = com.richardpiazza.lingua;
				PRODUCT_NAME = "$(TARGET_NAME)";
				SDKROOT = auto;
				SUPPORTED_PLATFORMS = "iphoneos iphonesimulator macosx";
				SWIFT_EMIT_LOC_STRINGS = YES;
				SWIFT_VERSION = 5.0;
				TARGETED_DEVICE_FAMILY = "1,2";
			};
			name = Release;
		};
		E1DF40862B839BB300D562EC /* Debug */ = {
			isa = XCBuildConfiguration;
			buildSettings = {
				ALWAYS_EMBED_SWIFT_STANDARD_LIBRARIES = YES;
				BUNDLE_LOADER = "$(TEST_HOST)";
				CODE_SIGN_STYLE = Automatic;
				CURRENT_PROJECT_VERSION = 1;
				DEVELOPMENT_TEAM = EX6YK9HKXA;
				GENERATE_INFOPLIST_FILE = YES;
				IPHONEOS_DEPLOYMENT_TARGET = 17.2;
				MACOSX_DEPLOYMENT_TARGET = 14.2;
				MARKETING_VERSION = 1.0;
				PRODUCT_BUNDLE_IDENTIFIER = com.richardpiazza.LinguaTests;
				PRODUCT_NAME = "$(TARGET_NAME)";
				SDKROOT = auto;
				SUPPORTED_PLATFORMS = "iphoneos iphonesimulator macosx";
				SWIFT_EMIT_LOC_STRINGS = NO;
				SWIFT_VERSION = 5.0;
				TARGETED_DEVICE_FAMILY = "1,2";
				TEST_HOST = "$(BUILT_PRODUCTS_DIR)/Lingua.app/$(BUNDLE_EXECUTABLE_FOLDER_PATH)/Lingua";
			};
			name = Debug;
		};
		E1DF40872B839BB300D562EC /* Release */ = {
			isa = XCBuildConfiguration;
			buildSettings = {
				ALWAYS_EMBED_SWIFT_STANDARD_LIBRARIES = YES;
				BUNDLE_LOADER = "$(TEST_HOST)";
				CODE_SIGN_STYLE = Automatic;
				CURRENT_PROJECT_VERSION = 1;
				DEVELOPMENT_TEAM = EX6YK9HKXA;
				GENERATE_INFOPLIST_FILE = YES;
				IPHONEOS_DEPLOYMENT_TARGET = 17.2;
				MACOSX_DEPLOYMENT_TARGET = 14.2;
				MARKETING_VERSION = 1.0;
				PRODUCT_BUNDLE_IDENTIFIER = com.richardpiazza.LinguaTests;
				PRODUCT_NAME = "$(TARGET_NAME)";
				SDKROOT = auto;
				SUPPORTED_PLATFORMS = "iphoneos iphonesimulator macosx";
				SWIFT_EMIT_LOC_STRINGS = NO;
				SWIFT_VERSION = 5.0;
				TARGETED_DEVICE_FAMILY = "1,2";
				TEST_HOST = "$(BUILT_PRODUCTS_DIR)/Lingua.app/$(BUNDLE_EXECUTABLE_FOLDER_PATH)/Lingua";
			};
			name = Release;
		};
		E1DF40892B839BB300D562EC /* Debug */ = {
			isa = XCBuildConfiguration;
			buildSettings = {
				ALWAYS_EMBED_SWIFT_STANDARD_LIBRARIES = YES;
				CODE_SIGN_STYLE = Automatic;
				CURRENT_PROJECT_VERSION = 1;
				DEVELOPMENT_TEAM = EX6YK9HKXA;
				GENERATE_INFOPLIST_FILE = YES;
				IPHONEOS_DEPLOYMENT_TARGET = 17.2;
				MACOSX_DEPLOYMENT_TARGET = 14.2;
				MARKETING_VERSION = 1.0;
				PRODUCT_BUNDLE_IDENTIFIER = com.richardpiazza.LinguaUITests;
				PRODUCT_NAME = "$(TARGET_NAME)";
				SDKROOT = auto;
				SUPPORTED_PLATFORMS = "iphoneos iphonesimulator macosx";
				SWIFT_EMIT_LOC_STRINGS = NO;
				SWIFT_VERSION = 5.0;
				TARGETED_DEVICE_FAMILY = "1,2";
				TEST_TARGET_NAME = Lingua;
			};
			name = Debug;
		};
		E1DF408A2B839BB300D562EC /* Release */ = {
			isa = XCBuildConfiguration;
			buildSettings = {
				ALWAYS_EMBED_SWIFT_STANDARD_LIBRARIES = YES;
				CODE_SIGN_STYLE = Automatic;
				CURRENT_PROJECT_VERSION = 1;
				DEVELOPMENT_TEAM = EX6YK9HKXA;
				GENERATE_INFOPLIST_FILE = YES;
				IPHONEOS_DEPLOYMENT_TARGET = 17.2;
				MACOSX_DEPLOYMENT_TARGET = 14.2;
				MARKETING_VERSION = 1.0;
				PRODUCT_BUNDLE_IDENTIFIER = com.richardpiazza.LinguaUITests;
				PRODUCT_NAME = "$(TARGET_NAME)";
				SDKROOT = auto;
				SUPPORTED_PLATFORMS = "iphoneos iphonesimulator macosx";
				SWIFT_EMIT_LOC_STRINGS = NO;
				SWIFT_VERSION = 5.0;
				TARGETED_DEVICE_FAMILY = "1,2";
				TEST_TARGET_NAME = Lingua;
			};
			name = Release;
		};
/* End XCBuildConfiguration section */

/* Begin XCConfigurationList section */
		E1DF40582B839BB200D562EC /* Build configuration list for PBXProject "Lingua" */ = {
			isa = XCConfigurationList;
			buildConfigurations = (
				E1DF40802B839BB300D562EC /* Debug */,
				E1DF40812B839BB300D562EC /* Release */,
			);
			defaultConfigurationIsVisible = 0;
			defaultConfigurationName = Release;
		};
		E1DF40822B839BB300D562EC /* Build configuration list for PBXNativeTarget "Lingua" */ = {
			isa = XCConfigurationList;
			buildConfigurations = (
				E1DF40832B839BB300D562EC /* Debug */,
				E1DF40842B839BB300D562EC /* Release */,
			);
			defaultConfigurationIsVisible = 0;
			defaultConfigurationName = Release;
		};
		E1DF40852B839BB300D562EC /* Build configuration list for PBXNativeTarget "LinguaTests" */ = {
			isa = XCConfigurationList;
			buildConfigurations = (
				E1DF40862B839BB300D562EC /* Debug */,
				E1DF40872B839BB300D562EC /* Release */,
			);
			defaultConfigurationIsVisible = 0;
			defaultConfigurationName = Release;
		};
		E1DF40882B839BB300D562EC /* Build configuration list for PBXNativeTarget "LinguaUITests" */ = {
			isa = XCConfigurationList;
			buildConfigurations = (
				E1DF40892B839BB300D562EC /* Debug */,
				E1DF408A2B839BB300D562EC /* Release */,
			);
			defaultConfigurationIsVisible = 0;
			defaultConfigurationName = Release;
		};
/* End XCConfigurationList section */

/* Begin XCRemoteSwiftPackageReference section */
		E1DF40912B839D7700D562EC /* XCRemoteSwiftPackageReference "Infuse" */ = {
			isa = XCRemoteSwiftPackageReference;
			repositoryURL = "https://github.com/richardpiazza/Infuse";
			requirement = {
				kind = upToNextMinorVersion;
				minimumVersion = 0.1.0;
			};
		};
		E1DF40942B839DA700D562EC /* XCRemoteSwiftPackageReference "TranslationCatalog" */ = {
			isa = XCRemoteSwiftPackageReference;
			repositoryURL = "https://github.com/richardpiazza/TranslationCatalog";
			requirement = {
				kind = upToNextMinorVersion;
				minimumVersion = 0.6.0;
			};
		};
		E1DF40972B839DC200D562EC /* XCRemoteSwiftPackageReference "Occurrence" */ = {
			isa = XCRemoteSwiftPackageReference;
			repositoryURL = "https://github.com/richardpiazza/Occurrence";
			requirement = {
				kind = upToNextMinorVersion;
				minimumVersion = 0.6.0;
			};
		};
		E1DF40F42B83D9F900D562EC /* XCRemoteSwiftPackageReference "SwiftClient" */ = {
			isa = XCRemoteSwiftPackageReference;
			repositoryURL = "https://github.com/TelemetryDeck/SwiftClient";
			requirement = {
				kind = upToNextMinorVersion;
				minimumVersion = 1.5.1;
			};
		};
/* End XCRemoteSwiftPackageReference section */

/* Begin XCSwiftPackageProductDependency section */
		E1DF40922B839D7700D562EC /* Infuse */ = {
			isa = XCSwiftPackageProductDependency;
			package = E1DF40912B839D7700D562EC /* XCRemoteSwiftPackageReference "Infuse" */;
			productName = Infuse;
		};
		E1DF40952B839DA700D562EC /* TranslationCatalog */ = {
			isa = XCSwiftPackageProductDependency;
			package = E1DF40942B839DA700D562EC /* XCRemoteSwiftPackageReference "TranslationCatalog" */;
			productName = TranslationCatalog;
		};
		E1DF40982B839DC200D562EC /* Occurrence */ = {
			isa = XCSwiftPackageProductDependency;
			package = E1DF40972B839DC200D562EC /* XCRemoteSwiftPackageReference "Occurrence" */;
			productName = Occurrence;
		};
		E1DF40F52B83D9F900D562EC /* TelemetryClient */ = {
			isa = XCSwiftPackageProductDependency;
			package = E1DF40F42B83D9F900D562EC /* XCRemoteSwiftPackageReference "SwiftClient" */;
			productName = TelemetryClient;
		};
/* End XCSwiftPackageProductDependency section */
	};
	rootObject = E1DF40552B839BB200D562EC /* Project object */;
}
