// !$*UTF8*$!
{
	archiveVersion = 1;
	classes = {
	};
	objectVersion = 77;
	objects = {

/* Begin PBXBuildFile section */
		E10651AB2E64A66200B78964 /* LocaleSupport in Frameworks */ = {isa = PBXBuildFile; productRef = E10651AA2E64A66200B78964 /* LocaleSupport */; };
		E19752432E89712900991298 /* SwiftColor in Frameworks */ = {isa = PBXBuildFile; productRef = E19752422E89712900991298 /* SwiftColor */; };
		E1DF40962B839DA700D562EC /* TranslationCatalog in Frameworks */ = {isa = PBXBuildFile; productRef = E1DF40952B839DA700D562EC /* TranslationCatalog */; };
		E1DF40992B839DC200D562EC /* Occurrence in Frameworks */ = {isa = PBXBuildFile; productRef = E1DF40982B839DC200D562EC /* Occurrence */; };
		E1DF40F62B83D9F900D562EC /* TelemetryClient in Frameworks */ = {isa = PBXBuildFile; productRef = E1DF40F52B83D9F900D562EC /* TelemetryClient */; };
/* End PBXBuildFile section */

/* Begin PBXContainerItemProxy section */
		E1DF406F2B839BB300D562EC /* PBXContainerItemProxy */ = {
			isa = PBXContainerItemProxy;
			containerPortal = E1DF40552B839BB200D562EC /* Project object */;
			proxyType = 1;
			remoteGlobalIDString = E1DF405C2B839BB200D562EC;
			remoteInfo = Lingua;
		};
		E1DF40792B839BB300D562EC /* PBXContainerItemProxy */ = {
			isa = PBXContainerItemProxy;
			containerPortal = E1DF40552B839BB200D562EC /* Project object */;
			proxyType = 1;
			remoteGlobalIDString = E1DF405C2B839BB200D562EC;
			remoteInfo = Lingua;
		};
/* End PBXContainerItemProxy section */

/* Begin PBXFileReference section */
		E1C593E72F549427007C0D24 /* Lingua.xctestplan */ = {isa = PBXFileReference; lastKnownFileType = text; path = Lingua.xctestplan; sourceTree = "<group>"; };
		E1DF405D2B839BB200D562EC /* Lingua.app */ = {isa = PBXFileReference; explicitFileType = wrapper.application; includeInIndex = 0; path = Lingua.app; sourceTree = BUILT_PRODUCTS_DIR; };
		E1DF406E2B839BB300D562EC /* LinguaTests.xctest */ = {isa = PBXFileReference; explicitFileType = wrapper.cfbundle; includeInIndex = 0; path = LinguaTests.xctest; sourceTree = BUILT_PRODUCTS_DIR; };
		E1DF40782B839BB300D562EC /* LinguaUITests.xctest */ = {isa = PBXFileReference; explicitFileType = wrapper.cfbundle; includeInIndex = 0; path = LinguaUITests.xctest; sourceTree = BUILT_PRODUCTS_DIR; };
/* End PBXFileReference section */

/* Begin PBXFileSystemSynchronizedBuildFileExceptionSet section */
		E1EEA4FB2D95CB720042A64E /* Exceptions for "Lingua" folder in "Lingua" target */ = {
			isa = PBXFileSystemSynchronizedBuildFileExceptionSet;
			membershipExceptions = (
				Info.plist,
			);
			target = E1DF405C2B839BB200D562EC /* Lingua */;
		};
/* End PBXFileSystemSynchronizedBuildFileExceptionSet section */

/* Begin PBXFileSystemSynchronizedRootGroup section */
		E1EEA4CC2D95CB720042A64E /* Lingua */ = {
			isa = PBXFileSystemSynchronizedRootGroup;
			exceptions = (
				E1EEA4FB2D95CB720042A64E /* Exceptions for "Lingua" folder in "Lingua" target */,
			);
			path = Lingua;
			sourceTree = "<group>";
		};
		E1EEA4FD2D95CB790042A64E /* LinguaTests */ = {
			isa = PBXFileSystemSynchronizedRootGroup;
			path = LinguaTests;
			sourceTree = "<group>";
		};
		E1EEA5012D95CB7C0042A64E /* LinguaUITests */ = {
			isa = PBXFileSystemSynchronizedRootGroup;
			path = LinguaUITests;
			sourceTree = "<group>";
		};
/* End PBXFileSystemSynchronizedRootGroup section */

/* Begin PBXFrameworksBuildPhase section */
		E1DF405A2B839BB200D562EC /* Frameworks */ = {
			isa = PBXFrameworksBuildPhase;
			buildActionMask = 2147483647;
			files = (
				E1DF40992B839DC200D562EC /* Occurrence in Frameworks */,
				E1DF40F62B83D9F900D562EC /* TelemetryClient in Frameworks */,
				E10651AB2E64A66200B78964 /* LocaleSupport in Frameworks */,
				E19752432E89712900991298 /* SwiftColor in Frameworks */,
				E1DF40962B839DA700D562EC /* TranslationCatalog in Frameworks */,
			);
			runOnlyForDeploymentPostprocessing = 0;
		};
		E1DF406B2B839BB300D562EC /* Frameworks */ = {
			isa = PBXFrameworksBuildPhase;
			buildActionMask = 2147483647;
			files = (
			);
			runOnlyForDeploymentPostprocessing = 0;
		};
		E1DF40752B839BB300D562EC /* Frameworks */ = {
			isa = PBXFrameworksBuildPhase;
			buildActionMask = 2147483647;
			files = (
			);
			runOnlyForDeploymentPostprocessing = 0;
		};
/* End PBXFrameworksBuildPhase section */

/* Begin PBXGroup section */
		E1DF40542B839BB200D562EC = {
			isa = PBXGroup;
			children = (
				E1C593E72F549427007C0D24 /* Lingua.xctestplan */,
				E1EEA4CC2D95CB720042A64E /* Lingua */,
				E1EEA4FD2D95CB790042A64E /* LinguaTests */,
				E1EEA5012D95CB7C0042A64E /* LinguaUITests */,
				E1DF405E2B839BB200D562EC /* Products */,
			);
			sourceTree = "<group>";
		};
		E1DF405E2B839BB200D562EC /* Products */ = {
			isa = PBXGroup;
			children = (
				E1DF405D2B839BB200D562EC /* Lingua.app */,
				E1DF406E2B839BB300D562EC /* LinguaTests.xctest */,
				E1DF40782B839BB300D562EC /* LinguaUITests.xctest */,
			);
			name = Products;
			sourceTree = "<group>";
		};
/* End PBXGroup section */

/* Begin PBXNativeTarget section */
		E1DF405C2B839BB200D562EC /* Lingua */ = {
			isa = PBXNativeTarget;
			buildConfigurationList = E1DF40822B839BB300D562EC /* Build configuration list for PBXNativeTarget "Lingua" */;
			buildPhases = (
				E1DF40592B839BB200D562EC /* Sources */,
				E1DF405A2B839BB200D562EC /* Frameworks */,
				E1DF405B2B839BB200D562EC /* Resources */,
			);
			buildRules = (
			);
			dependencies = (
			);
			fileSystemSynchronizedGroups = (
				E1EEA4CC2D95CB720042A64E /* Lingua */,
			);
			name = Lingua;
			packageProductDependencies = (
				E1DF40952B839DA700D562EC /* TranslationCatalog */,
				E1DF40982B839DC200D562EC /* Occurrence */,
				E1DF40F52B83D9F900D562EC /* TelemetryClient */,
				E10651AA2E64A66200B78964 /* LocaleSupport */,
				E19752422E89712900991298 /* SwiftColor */,
			);
			productName = Lingua;
			productReference = E1DF405D2B839BB200D562EC /* Lingua.app */;
			productType = "com.apple.product-type.application";
		};
		E1DF406D2B839BB300D562EC /* LinguaTests */ = {
			isa = PBXNativeTarget;
			buildConfigurationList = E1DF40852B839BB300D562EC /* Build configuration list for PBXNativeTarget "LinguaTests" */;
			buildPhases = (
				E1DF406A2B839BB300D562EC /* Sources */,
				E1DF406B2B839BB300D562EC /* Frameworks */,
				E1DF406C2B839BB300D562EC /* Resources */,
			);
			buildRules = (
			);
			dependencies = (
				E1DF40702B839BB300D562EC /* PBXTargetDependency */,
			);
			fileSystemSynchronizedGroups = (
				E1EEA4FD2D95CB790042A64E /* LinguaTests */,
			);
			name = LinguaTests;
			productName = LinguaTests;
			productReference = E1DF406E2B839BB300D562EC /* LinguaTests.xctest */;
			productType = "com.apple.product-type.bundle.unit-test";
		};
		E1DF40772B839BB300D562EC /* LinguaUITests */ = {
			isa = PBXNativeTarget;
			buildConfigurationList = E1DF40882B839BB300D562EC /* Build configuration list for PBXNativeTarget "LinguaUITests" */;
			buildPhases = (
				E1DF40742B839BB300D562EC /* Sources */,
				E1DF40752B839BB300D562EC /* Frameworks */,
				E1DF40762B839BB300D562EC /* Resources */,
			);
			buildRules = (
			);
			dependencies = (
				E1DF407A2B839BB300D562EC /* PBXTargetDependency */,
			);
			fileSystemSynchronizedGroups = (
				E1EEA5012D95CB7C0042A64E /* LinguaUITests */,
			);
			name = LinguaUITests;
			productName = LinguaUITests;
			productReference = E1DF40782B839BB300D562EC /* LinguaUITests.xctest */;
			productType = "com.apple.product-type.bundle.ui-testing";
		};
/* End PBXNativeTarget section */

/* Begin PBXProject section */
		E1DF40552B839BB200D562EC /* Project object */ = {
			isa = PBXProject;
			attributes = {
				BuildIndependentTargetsInParallel = 1;
				LastSwiftUpdateCheck = 1520;
				LastUpgradeCheck = 2640;
				TargetAttributes = {
					E1DF405C2B839BB200D562EC = {
						CreatedOnToolsVersion = 15.2;
					};
					E1DF406D2B839BB300D562EC = {
						CreatedOnToolsVersion = 15.2;
						TestTargetID = E1DF405C2B839BB200D562EC;
					};
					E1DF40772B839BB300D562EC = {
						CreatedOnToolsVersion = 15.2;
						TestTargetID = E1DF405C2B839BB200D562EC;
					};
				};
			};
			buildConfigurationList = E1DF40582B839BB200D562EC /* Build configuration list for PBXProject "Lingua" */;
			developmentRegion = en;
			hasScannedForEncodings = 0;
			knownRegions = (
				en,
				Base,
			);
			mainGroup = E1DF40542B839BB200D562EC;
			packageReferences = (
				E1DF40942B839DA700D562EC /* XCRemoteSwiftPackageReference "TranslationCatalog" */,
				E1DF40972B839DC200D562EC /* XCRemoteSwiftPackageReference "Occurrence" */,
				E1DF40F42B83D9F900D562EC /* XCRemoteSwiftPackageReference "SwiftClient" */,
				E10651A92E64A66200B78964 /* XCRemoteSwiftPackageReference "LocaleSupport" */,
				E19752412E89712900991298 /* XCRemoteSwiftPackageReference "SwiftColor" */,
			);
			preferredProjectObjectVersion = 77;
			productRefGroup = E1DF405E2B839BB200D562EC /* Products */;
			projectDirPath = "";
			projectRoot = "";
			targets = (
				E1DF405C2B839BB200D562EC /* Lingua */,
				E1DF406D2B839BB300D562EC /* LinguaTests */,
				E1DF40772B839BB300D562EC /* LinguaUITests */,
			);
		};
/* End PBXProject section */

/* Begin PBXResourcesBuildPhase section */
		E1DF405B2B839BB200D562EC /* Resources */ = {
			isa = PBXResourcesBuildPhase;
			buildActionMask = 2147483647;
			files = (
			);
			runOnlyForDeploymentPostprocessing = 0;
		};
		E1DF406C2B839BB300D562EC /* Resources */ = {
			isa = PBXResourcesBuildPhase;
			buildActionMask = 2147483647;
			files = (
			);
			runOnlyForDeploymentPostprocessing = 0;
		};
		E1DF40762B839BB300D562EC /* Resources */ = {
			isa = PBXResourcesBuildPhase;
			buildActionMask = 2147483647;
			files = (
			);
			runOnlyForDeploymentPostprocessing = 0;
		};
/* End PBXResourcesBuildPhase section */

/* Begin PBXSourcesBuildPhase section */
		E1DF40592B839BB200D562EC /* Sources */ = {
			isa = PBXSourcesBuildPhase;
			buildActionMask = 2147483647;
			files = (
			);
			runOnlyForDeploymentPostprocessing = 0;
		};
		E1DF406A2B839BB300D562EC /* Sources */ = {
			isa = PBXSourcesBuildPhase;
			buildActionMask = 2147483647;
			files = (
			);
			runOnlyForDeploymentPostprocessing = 0;
		};
		E1DF40742B839BB300D562EC /* Sources */ = {
			isa = PBXSourcesBuildPhase;
			buildActionMask = 2147483647;
			files = (
			);
			runOnlyForDeploymentPostprocessing = 0;
		};
/* End PBXSourcesBuildPhase section */

/* Begin PBXTargetDependency section */
		E1DF40702B839BB300D562EC /* PBXTargetDependency */ = {
			isa = PBXTargetDependency;
			target = E1DF405C2B839BB200D562EC /* Lingua */;
			targetProxy = E1DF406F2B839BB300D562EC /* PBXContainerItemProxy */;
		};
		E1DF407A2B839BB300D562EC /* PBXTargetDependency */ = {
			isa = PBXTargetDependency;
			target = E1DF405C2B839BB200D562EC /* Lingua */;
			targetProxy = E1DF40792B839BB300D562EC /* PBXContainerItemProxy */;
		};
/* End PBXTargetDependency section */

/* Begin XCBuildConfiguration section */
		E1DF40802B839BB300D562EC /* Debug */ = {
			isa = XCBuildConfiguration;
			buildSettings = {
				ALWAYS_SEARCH_USER_PATHS = NO;
				ASSETCATALOG_COMPILER_GENERATE_SWIFT_ASSET_SYMBOL_EXTENSIONS = YES;
				CLANG_ANALYZER_NONNULL = YES;
				CLANG_ANALYZER_NUMBER_OBJECT_CONVERSION = YES_AGGRESSIVE;
				CLANG_CXX_LANGUAGE_STANDARD = "gnu++20";
				CLANG_ENABLE_MODULES = YES;
				CLANG_ENABLE_OBJC_ARC = YES;
				CLANG_ENABLE_OBJC_WEAK = YES;
				CLANG_WARN_BLOCK_CAPTURE_AUTORELEASING = YES;
				CLANG_WARN_BOOL_CONVERSION = YES;
				CLANG_WARN_COMMA = YES;
				CLANG_WARN_CONSTANT_CONVERSION = YES;
				CLANG_WARN_DEPRECATED_OBJC_IMPLEMENTATIONS = YES;
				CLANG_WARN_DIRECT_OBJC_ISA_USAGE = YES_ERROR;
				CLANG_WARN_DOCUMENTATION_COMMENTS = YES;
				CLANG_WARN_EMPTY_BODY = YES;
				CLANG_WARN_ENUM_CONVERSION = YES;
				CLANG_WARN_INFINITE_RECURSION = YES;
				CLANG_WARN_INT_CONVERSION = YES;
				CLANG_WARN_NON_LITERAL_NULL_CONVERSION = YES;
				CLANG_WARN_OBJC_IMPLICIT_RETAIN_SELF = YES;
				CLANG_WARN_OBJC_LITERAL_CONVERSION = YES;
				CLANG_WARN_OBJC_ROOT_CLASS = YES_ERROR;
				CLANG_WARN_QUOTED_INCLUDE_IN_FRAMEWORK_HEADER = YES;
				CLANG_WARN_RANGE_LOOP_ANALYSIS = YES;
				CLANG_WARN_STRICT_PROTOTYPES = YES;
				CLANG_WARN_SUSPICIOUS_MOVE = YES;
				CLANG_WARN_UNGUARDED_AVAILABILITY = YES_AGGRESSIVE;
				CLANG_WARN_UNREACHABLE_CODE = YES;
				CLANG_WARN__DUPLICATE_METHOD_MATCH = YES;
				COPY_PHASE_STRIP = NO;
				DEAD_CODE_STRIPPING = YES;
				DEBUG_INFORMATION_FORMAT = dwarf;
				ENABLE_STRICT_OBJC_MSGSEND = YES;
				ENABLE_TESTABILITY = YES;
				ENABLE_USER_SCRIPT_SANDBOXING = YES;
				GCC_C_LANGUAGE_STANDARD = gnu17;
				GCC_DYNAMIC_NO_PIC = NO;
				GCC_NO_COMMON_BLOCKS = YES;
				GCC_OPTIMIZATION_LEVEL = 0;
				GCC_PREPROCESSOR_DEFINITIONS = (
					"DEBUG=1",
					"$(inherited)",
				);
				GCC_WARN_64_TO_32_BIT_CONVERSION = YES;
				GCC_WARN_ABOUT_RETURN_TYPE = YES_ERROR;
				GCC_WARN_UNDECLARED_SELECTOR = YES;
				GCC_WARN_UNINITIALIZED_AUTOS = YES_AGGRESSIVE;
				GCC_WARN_UNUSED_FUNCTION = YES;
				GCC_WARN_UNUSED_VARIABLE = YES;
				IPHONEOS_DEPLOYMENT_TARGET = 26.0;
				LOCALIZATION_PREFERS_STRING_CATALOGS = YES;
				MACOSX_DEPLOYMENT_TARGET = 26.0;
				MTL_ENABLE_DEBUG_INFO = INCLUDE_SOURCE;
				MTL_FAST_MATH = YES;
				ONLY_ACTIVE_ARCH = YES;
				SWIFT_ACTIVE_COMPILATION_CONDITIONS = "DEBUG $(inherited)";
				SWIFT_OPTIMIZATION_LEVEL = "-Onone";
				SWIFT_VERSION = 5.0;
			};
			name = Debug;
		};
		E1DF40812B839BB300D562EC /* Release */ = {
			isa = XCBuildConfiguration;
			buildSettings = {
				ALWAYS_SEARCH_USER_PATHS = NO;
				ASSETCATALOG_COMPILER_GENERATE_SWIFT_ASSET_SYMBOL_EXTENSIONS = YES;
				CLANG_ANALYZER_NONNULL = YES;
				CLANG_ANALYZER_NUMBER_OBJECT_CONVERSION = YES_AGGRESSIVE;
				CLANG_CXX_LANGUAGE_STANDARD = "gnu++20";
				CLANG_ENABLE_MODULES = YES;
				CLANG_ENABLE_OBJC_ARC = YES;
				CLANG_ENABLE_OBJC_WEAK = YES;
				CLANG_WARN_BLOCK_CAPTURE_AUTORELEASING = YES;
				CLANG_WARN_BOOL_CONVERSION = YES;
				CLANG_WARN_COMMA = YES;
				CLANG_WARN_CONSTANT_CONVERSION = YES;
				CLANG_WARN_DEPRECATED_OBJC_IMPLEMENTATIONS = YES;
				CLANG_WARN_DIRECT_OBJC_ISA_USAGE = YES_ERROR;
				CLANG_WARN_DOCUMENTATION_COMMENTS = YES;
				CLANG_WARN_EMPTY_BODY = YES;
				CLANG_WARN_ENUM_CONVERSION = YES;
				CLANG_WARN_INFINITE_RECURSION = YES;
				CLANG_WARN_INT_CONVERSION = YES;
				CLANG_WARN_NON_LITERAL_NULL_CONVERSION = YES;
				CLANG_WARN_OBJC_IMPLICIT_RETAIN_SELF = YES;
				CLANG_WARN_OBJC_LITERAL_CONVERSION = YES;
				CLANG_WARN_OBJC_ROOT_CLASS = YES_ERROR;
				CLANG_WARN_QUOTED_INCLUDE_IN_FRAMEWORK_HEADER = YES;
				CLANG_WARN_RANGE_LOOP_ANALYSIS = YES;
				CLANG_WARN_STRICT_PROTOTYPES = YES;
				CLANG_WARN_SUSPICIOUS_MOVE = YES;
				CLANG_WARN_UNGUARDED_AVAILABILITY = YES_AGGRESSIVE;
				CLANG_WARN_UNREACHABLE_CODE = YES;
				CLANG_WARN__DUPLICATE_METHOD_MATCH = YES;
				COPY_PHASE_STRIP = NO;
				DEAD_CODE_STRIPPING = YES;
				DEBUG_INFORMATION_FORMAT = "dwarf-with-dsym";
				ENABLE_NS_ASSERTIONS = NO;
				ENABLE_STRICT_OBJC_MSGSEND = YES;
				ENABLE_USER_SCRIPT_SANDBOXING = YES;
				GCC_C_LANGUAGE_STANDARD = gnu17;
				GCC_NO_COMMON_BLOCKS = YES;
				GCC_WARN_64_TO_32_BIT_CONVERSION = YES;
				GCC_WARN_ABOUT_RETURN_TYPE = YES_ERROR;
				GCC_WARN_UNDECLARED_SELECTOR = YES;
				GCC_WARN_UNINITIALIZED_AUTOS = YES_AGGRESSIVE;
				GCC_WARN_UNUSED_FUNCTION = YES;
				GCC_WARN_UNUSED_VARIABLE = YES;
				IPHONEOS_DEPLOYMENT_TARGET = 26.0;
				LOCALIZATION_PREFERS_STRING_CATALOGS = YES;
				MACOSX_DEPLOYMENT_TARGET = 26.0;
				MTL_ENABLE_DEBUG_INFO = NO;
				MTL_FAST_MATH = YES;
				SWIFT_COMPILATION_MODE = wholemodule;
				SWIFT_VERSION = 5.0;
			};
			name = Release;
		};
		E1DF40832B839BB300D562EC /* Debug */ = {
			isa = XCBuildConfiguration;
			buildSettings = {
				ASSETCATALOG_COMPILER_APPICON_NAME = AppIcon;
				ASSETCATALOG_COMPILER_GLOBAL_ACCENT_COLOR_NAME = AccentColor;
				CODE_SIGN_ENTITLEMENTS = Lingua/Lingua.entitlements;
				"CODE_SIGN_IDENTITY[sdk=iphoneos*]" = "Apple Development: Richard Piazza (K8Q86LGQ7V)";
				"CODE_SIGN_IDENTITY[sdk=macosx*]" = "-";
				CODE_SIGN_STYLE = Manual;
				CURRENT_PROJECT_VERSION = 1;
				DEAD_CODE_STRIPPING = YES;
				DEVELOPMENT_TEAM = EX6YK9HKXA;
				"DEVELOPMENT_TEAM[sdk=iphoneos*]" = EX6YK9HKXA;
				"DEVELOPMENT_TEAM[sdk=macosx*]" = EX6YK9HKXA;
				ENABLE_APP_SANDBOX = YES;
				ENABLE_FILE_ACCESS_DOWNLOADS_FOLDER = readwrite;
				ENABLE_HARDENED_RUNTIME = YES;
				ENABLE_OUTGOING_NETWORK_CONNECTIONS = YES;
				ENABLE_PREVIEWS = YES;
				ENABLE_USER_SELECTED_FILES = readwrite;
				GENERATE_INFOPLIST_FILE = YES;
				INFOPLIST_FILE = Lingua/Info.plist;
				INFOPLIST_KEY_CFBundleDisplayName = Lingua;
				INFOPLIST_KEY_ITSAppUsesNonExemptEncryption = NO;
				INFOPLIST_KEY_LSApplicationCategoryType = "public.app-category.developer-tools";
				"INFOPLIST_KEY_UIApplicationSceneManifest_Generation[sdk=iphoneos*]" = YES;
				"INFOPLIST_KEY_UIApplicationSceneManifest_Generation[sdk=iphonesimulator*]" = YES;
				"INFOPLIST_KEY_UIApplicationSupportsIndirectInputEvents[sdk=iphoneos*]" = YES;
				"INFOPLIST_KEY_UIApplicationSupportsIndirectInputEvents[sdk=iphonesimulator*]" = YES;
				"INFOPLIST_KEY_UILaunchScreen_Generation[sdk=iphoneos*]" = YES;
				"INFOPLIST_KEY_UILaunchScreen_Generation[sdk=iphonesimulator*]" = YES;
				"INFOPLIST_KEY_UIStatusBarStyle[sdk=iphoneos*]" = UIStatusBarStyleDefault;
				"INFOPLIST_KEY_UIStatusBarStyle[sdk=iphonesimulator*]" = UIStatusBarStyleDefault;
				INFOPLIST_KEY_UISupportedInterfaceOrientations_iPad = "UIInterfaceOrientationPortrait UIInterfaceOrientationPortraitUpsideDown UIInterfaceOrientationLandscapeLeft UIInterfaceOrientationLandscapeRight";
				INFOPLIST_KEY_UISupportedInterfaceOrientations_iPhone = "UIInterfaceOrientationPortrait UIInterfaceOrientationLandscapeLeft UIInterfaceOrientationLandscapeRight";
				INFOPLIST_KEY_UISupportsDocumentBrowser = YES;
				LD_RUNPATH_SEARCH_PATHS = "@executable_path/Frameworks";
				"LD_RUNPATH_SEARCH_PATHS[sdk=macosx*]" = "@executable_path/../Frameworks";
				MARKETING_VERSION = 1.0;
				PRODUCT_BUNDLE_IDENTIFIER = com.richardpiazza.lingua;
				PRODUCT_NAME = "$(TARGET_NAME)";
				PROVISIONING_PROFILE_SPECIFIER = "";
				"PROVISIONING_PROFILE_SPECIFIER[sdk=iphoneos*]" = "Lingua Development (iOS)";
				"PROVISIONING_PROFILE_SPECIFIER[sdk=macosx*]" = "Lingua Development (macOS)";
				SDKROOT = auto;
				SUPPORTED_PLATFORMS = "iphoneos iphonesimulator macosx";
				SWIFT_APPROACHABLE_CONCURRENCY = YES;
				SWIFT_DEFAULT_ACTOR_ISOLATION = MainActor;
				SWIFT_EMIT_LOC_STRINGS = YES;
				SWIFT_VERSION = 5.0;
				TARGETED_DEVICE_FAMILY = "1,2";
			};
			name = Debug;
		};
		E1DF40842B839BB300D562EC /* Release */ = {
			isa = XCBuildConfiguration;
			buildSettings = {
				ASSETCATALOG_COMPILER_APPICON_NAME = AppIcon;
				ASSETCATALOG_COMPILER_GLOBAL_ACCENT_COLOR_NAME = AccentColor;
				CODE_SIGN_ENTITLEMENTS = Lingua/Lingua.entitlements;
				"CODE_SIGN_IDENTITY[sdk=iphoneos*]" = "Apple Distribution: Richard Piazza (EX6YK9HKXA)";
				"CODE_SIGN_IDENTITY[sdk=macosx*]" = "Apple Distribution: Richard Piazza (EX6YK9HKXA)";
				CODE_SIGN_STYLE = Manual;
				CURRENT_PROJECT_VERSION = 1;
				DEAD_CODE_STRIPPING = YES;
				DEVELOPMENT_TEAM = EX6YK9HKXA;
				"DEVELOPMENT_TEAM[sdk=iphoneos*]" = EX6YK9HKXA;
				ENABLE_APP_SANDBOX = YES;
				ENABLE_FILE_ACCESS_DOWNLOADS_FOLDER = readwrite;
				ENABLE_HARDENED_RUNTIME = YES;
				ENABLE_OUTGOING_NETWORK_CONNECTIONS = YES;
				ENABLE_PREVIEWS = YES;
				ENABLE_USER_SELECTED_FILES = readwrite;
				GENERATE_INFOPLIST_FILE = YES;
				INFOPLIST_FILE = Lingua/Info.plist;
				INFOPLIST_KEY_CFBundleDisplayName = Lingua;
				INFOPLIST_KEY_ITSAppUsesNonExemptEncryption = NO;
				INFOPLIST_KEY_LSApplicationCategoryType = "public.app-category.developer-tools";
				"INFOPLIST_KEY_UIApplicationSceneManifest_Generation[sdk=iphoneos*]" = YES;
				"INFOPLIST_KEY_UIApplicationSceneManifest_Generation[sdk=iphonesimulator*]" = YES;
				"INFOPLIST_KEY_UIApplicationSupportsIndirectInputEvents[sdk=iphoneos*]" = YES;
				"INFOPLIST_KEY_UIApplicationSupportsIndirectInputEvents[sdk=iphonesimulator*]" = YES;
				"INFOPLIST_KEY_UILaunchScreen_Generation[sdk=iphoneos*]" = YES;
				"INFOPLIST_KEY_UILaunchScreen_Generation[sdk=iphonesimulator*]" = YES;
				"INFOPLIST_KEY_UIStatusBarStyle[sdk=iphoneos*]" = UIStatusBarStyleDefault;
				"INFOPLIST_KEY_UIStatusBarStyle[sdk=iphonesimulator*]" = UIStatusBarStyleDefault;
				INFOPLIST_KEY_UISupportedInterfaceOrientations_iPad = "UIInterfaceOrientationPortrait UIInterfaceOrientationPortraitUpsideDown UIInterfaceOrientationLandscapeLeft UIInterfaceOrientationLandscapeRight";
				INFOPLIST_KEY_UISupportedInterfaceOrientations_iPhone = "UIInterfaceOrientationPortrait UIInterfaceOrientationLandscapeLeft UIInterfaceOrientationLandscapeRight";
				INFOPLIST_KEY_UISupportsDocumentBrowser = YES;
				LD_RUNPATH_SEARCH_PATHS = "@executable_path/Frameworks";
				"LD_RUNPATH_SEARCH_PATHS[sdk=macosx*]" = "@executable_path/../Frameworks";
				MARKETING_VERSION = 1.0;
				PRODUCT_BUNDLE_IDENTIFIER = com.richardpiazza.lingua;
				PRODUCT_NAME = "$(TARGET_NAME)";
				PROVISIONING_PROFILE_SPECIFIER = "";
				"PROVISIONING_PROFILE_SPECIFIER[sdk=iphoneos*]" = "Lingua App Store (iOS)";
				"PROVISIONING_PROFILE_SPECIFIER[sdk=macosx*]" = "Lingua App Store (macOS)";
				SDKROOT = auto;
				SUPPORTED_PLATFORMS = "iphoneos iphonesimulator macosx";
				SWIFT_APPROACHABLE_CONCURRENCY = YES;
				SWIFT_DEFAULT_ACTOR_ISOLATION = MainActor;
				SWIFT_EMIT_LOC_STRINGS = YES;
				SWIFT_VERSION = 5.0;
				TARGETED_DEVICE_FAMILY = "1,2";
			};
			name = Release;
		};
		E1DF40862B839BB300D562EC /* Debug */ = {
			isa = XCBuildConfiguration;
			buildSettings = {
				BUNDLE_LOADER = "$(TEST_HOST)";
				CODE_SIGN_STYLE = Automatic;
				CURRENT_PROJECT_VERSION = 1;
				DEAD_CODE_STRIPPING = YES;
				GENERATE_INFOPLIST_FILE = YES;
				MARKETING_VERSION = 1.0;
				PRODUCT_BUNDLE_IDENTIFIER = com.richardpiazza.LinguaTests;
				PRODUCT_NAME = "$(TARGET_NAME)";
				SDKROOT = auto;
				SUPPORTED_PLATFORMS = "iphoneos iphonesimulator macosx";
				SWIFT_EMIT_LOC_STRINGS = NO;
				SWIFT_VERSION = 5.0;
				TARGETED_DEVICE_FAMILY = "1,2";
				TEST_HOST = "$(BUILT_PRODUCTS_DIR)/Lingua.app/$(BUNDLE_EXECUTABLE_FOLDER_PATH)/Lingua";
			};
			name = Debug;
		};
		E1DF40872B839BB300D562EC /* Release */ = {
			isa = XCBuildConfiguration;
			buildSettings = {
				BUNDLE_LOADER = "$(TEST_HOST)";
				CODE_SIGN_STYLE = Automatic;
				CURRENT_PROJECT_VERSION = 1;
				DEAD_CODE_STRIPPING = YES;
				GENERATE_INFOPLIST_FILE = YES;
				MARKETING_VERSION = 1.0;
				PRODUCT_BUNDLE_IDENTIFIER = com.richardpiazza.LinguaTests;
				PRODUCT_NAME = "$(TARGET_NAME)";
				SDKROOT = auto;
				SUPPORTED_PLATFORMS = "iphoneos iphonesimulator macosx";
				SWIFT_EMIT_LOC_STRINGS = NO;
				SWIFT_VERSION = 5.0;
				TARGETED_DEVICE_FAMILY = "1,2";
				TEST_HOST = "$(BUILT_PRODUCTS_DIR)/Lingua.app/$(BUNDLE_EXECUTABLE_FOLDER_PATH)/Lingua";
			};
			name = Release;
		};
		E1DF40892B839BB300D562EC /* Debug */ = {
			isa = XCBuildConfiguration;
			buildSettings = {
				CODE_SIGN_STYLE = Automatic;
				CURRENT_PROJECT_VERSION = 1;
				DEAD_CODE_STRIPPING = YES;
				GENERATE_INFOPLIST_FILE = YES;
				MARKETING_VERSION = 1.0;
				PRODUCT_BUNDLE_IDENTIFIER = com.richardpiazza.LinguaUITests;
				PRODUCT_NAME = "$(TARGET_NAME)";
				SDKROOT = auto;
				SUPPORTED_PLATFORMS = "iphoneos iphonesimulator macosx";
				SWIFT_EMIT_LOC_STRINGS = NO;
				SWIFT_VERSION = 5.0;
				TARGETED_DEVICE_FAMILY = "1,2";
				TEST_TARGET_NAME = Lingua;
			};
			name = Debug;
		};
		E1DF408A2B839BB300D562EC /* Release */ = {
			isa = XCBuildConfiguration;
			buildSettings = {
				CODE_SIGN_STYLE = Automatic;
				CURRENT_PROJECT_VERSION = 1;
				DEAD_CODE_STRIPPING = YES;
				GENERATE_INFOPLIST_FILE = YES;
				MARKETING_VERSION = 1.0;
				PRODUCT_BUNDLE_IDENTIFIER = com.richardpiazza.LinguaUITests;
				PRODUCT_NAME = "$(TARGET_NAME)";
				SDKROOT = auto;
				SUPPORTED_PLATFORMS = "iphoneos iphonesimulator macosx";
				SWIFT_EMIT_LOC_STRINGS = NO;
				SWIFT_VERSION = 5.0;
				TARGETED_DEVICE_FAMILY = "1,2";
				TEST_TARGET_NAME = Lingua;
			};
			name = Release;
		};
/* End XCBuildConfiguration section */

/* Begin XCConfigurationList section */
		E1DF40582B839BB200D562EC /* Build configuration list for PBXProject "Lingua" */ = {
			isa = XCConfigurationList;
			buildConfigurations = (
				E1DF40802B839BB300D562EC /* Debug */,
				E1DF40812B839BB300D562EC /* Release */,
			);
			defaultConfigurationIsVisible = 0;
			defaultConfigurationName = Release;
		};
		E1DF40822B839BB300D562EC /* Build configuration list for PBXNativeTarget "Lingua" */ = {
			isa = XCConfigurationList;
			buildConfigurations = (
				E1DF40832B839BB300D562EC /* Debug */,
				E1DF40842B839BB300D562EC /* Release */,
			);
			defaultConfigurationIsVisible = 0;
			defaultConfigurationName = Release;
		};
		E1DF40852B839BB300D562EC /* Build configuration list for PBXNativeTarget "LinguaTests" */ = {
			isa = XCConfigurationList;
			buildConfigurations = (
				E1DF40862B839BB300D562EC /* Debug */,
				E1DF40872B839BB300D562EC /* Release */,
			);
			defaultConfigurationIsVisible = 0;
			defaultConfigurationName = Release;
		};
		E1DF40882B839BB300D562EC /* Build configuration list for PBXNativeTarget "LinguaUITests" */ = {
			isa = XCConfigurationList;
			buildConfigurations = (
				E1DF40892B839BB300D562EC /* Debug */,
				E1DF408A2B839BB300D562EC /* Release */,
			);
			defaultConfigurationIsVisible = 0;
			defaultConfigurationName = Release;
		};
/* End XCConfigurationList section */

/* Begin XCRemoteSwiftPackageReference section */
		E10651A92E64A66200B78964 /* XCRemoteSwiftPackageReference "LocaleSupport" */ = {
			isa = XCRemoteSwiftPackageReference;
			repositoryURL = "https://github.com/richardpiazza/LocaleSupport";
			requirement = {
				kind = upToNextMinorVersion;
				minimumVersion = 0.8.0;
			};
		};
		E19752412E89712900991298 /* XCRemoteSwiftPackageReference "SwiftColor" */ = {
			isa = XCRemoteSwiftPackageReference;
			repositoryURL = "https://github.com/richardpiazza/SwiftColor";
			requirement = {
				kind = upToNextMinorVersion;
				minimumVersion = 0.3.0;
			};
		};
		E1DF40942B839DA700D562EC /* XCRemoteSwiftPackageReference "TranslationCatalog" */ = {
			isa = XCRemoteSwiftPackageReference;
			repositoryURL = "https://github.com/richardpiazza/TranslationCatalog";
			requirement = {
				kind = upToNextMinorVersion;
				minimumVersion = 0.17.3;
			};
		};
		E1DF40972B839DC200D562EC /* XCRemoteSwiftPackageReference "Occurrence" */ = {
			isa = XCRemoteSwiftPackageReference;
			repositoryURL = "https://github.com/richardpiazza/Occurrence";
			requirement = {
				branch = "1.0.0-beta.4";
				kind = branch;
			};
		};
		E1DF40F42B83D9F900D562EC /* XCRemoteSwiftPackageReference "SwiftClient" */ = {
			isa = XCRemoteSwiftPackageReference;
			repositoryURL = "https://github.com/TelemetryDeck/SwiftClient";
			requirement = {
				kind = upToNextMinorVersion;
				minimumVersion = 2.9.4;
			};
		};
/* End XCRemoteSwiftPackageReference section */

/* Begin XCSwiftPackageProductDependency section */
		E10651AA2E64A66200B78964 /* LocaleSupport */ = {
			isa = XCSwiftPackageProductDependency;
			package = E10651A92E64A66200B78964 /* XCRemoteSwiftPackageReference "LocaleSupport" */;
			productName = LocaleSupport;
		};
		E19752422E89712900991298 /* SwiftColor */ = {
			isa = XCSwiftPackageProductDependency;
			package = E19752412E89712900991298 /* XCRemoteSwiftPackageReference "SwiftColor" */;
			productName = SwiftColor;
		};
		E1DF40952B839DA700D562EC /* TranslationCatalog */ = {
			isa = XCSwiftPackageProductDependency;
			package = E1DF40942B839DA700D562EC /* XCRemoteSwiftPackageReference "TranslationCatalog" */;
			productName = TranslationCatalog;
		};
		E1DF40982B839DC200D562EC /* Occurrence */ = {
			isa = XCSwiftPackageProductDependency;
			package = E1DF40972B839DC200D562EC /* XCRemoteSwiftPackageReference "Occurrence" */;
			productName = Occurrence;
		};
		E1DF40F52B83D9F900D562EC /* TelemetryClient */ = {
			isa = XCSwiftPackageProductDependency;
			package = E1DF40F42B83D9F900D562EC /* XCRemoteSwiftPackageReference "SwiftClient" */;
			productName = TelemetryClient;
		};
/* End XCSwiftPackageProductDependency section */
	};
	rootObject = E1DF40552B839BB200D562EC /* Project object */;
}
